// !$*UTF8*$!
{
	archiveVersion = 1;
	classes = {
	};
	objectVersion = 51;
	objects = {

/* Begin PBXBuildFile section */
		4009905924A2F70400A34B74 /* boat.mov in Resources */ = {isa = PBXBuildFile; fileRef = 4009905824A2F70400A34B74 /* boat.mov */; };
		40146B4D2351B5EC00F14513 /* DebugHelper.swift in Sources */ = {isa = PBXBuildFile; fileRef = 40146B4C2351B5EC00F14513 /* DebugHelper.swift */; };
		40181D6C23AB691D002B2397 /* live_audio_encoder.cpp in Sources */ = {isa = PBXBuildFile; fileRef = 40181D6A23AB691D002B2397 /* live_audio_encoder.cpp */; };
		40181D6F23AB7ECE002B2397 /* live_audio_encoder_adapter.cpp in Sources */ = {isa = PBXBuildFile; fileRef = 40181D6D23AB7ECE002B2397 /* live_audio_encoder_adapter.cpp */; };
		40307FF72390D1BE00915B97 /* DrumsMonoSTP.aif in Resources */ = {isa = PBXBuildFile; fileRef = 40307FF52390D1BE00915B97 /* DrumsMonoSTP.aif */; };
		40307FF82390D1BE00915B97 /* GuitarMonoSTP.aif in Resources */ = {isa = PBXBuildFile; fileRef = 40307FF62390D1BE00915B97 /* GuitarMonoSTP.aif */; };
		40307FFA2390FF4800915B97 /* MenusViewController.swift in Sources */ = {isa = PBXBuildFile; fileRef = 40307FF92390FF4800915B97 /* MenusViewController.swift */; };
		4032F61A2399060F00FABC3C /* opencv2.framework in Frameworks */ = {isa = PBXBuildFile; fileRef = 4032F5972399060E00FABC3C /* opencv2.framework */; };
		4032F6252399089F00FABC3C /* audio_encoder.cpp in Sources */ = {isa = PBXBuildFile; fileRef = 4032F6232399089F00FABC3C /* audio_encoder.cpp */; };
		403EEFD323320561007CC795 /* DirectPassVertex.glsl in Resources */ = {isa = PBXBuildFile; fileRef = 403EEFD123320561007CC795 /* DirectPassVertex.glsl */; };
		403EEFD423320561007CC795 /* DirectPassFragment.glsl in Resources */ = {isa = PBXBuildFile; fileRef = 403EEFD223320561007CC795 /* DirectPassFragment.glsl */; };
		404178982382A92E0078893D /* faded.mp3 in Resources */ = {isa = PBXBuildFile; fileRef = 404178972382A92E0078893D /* faded.mp3 */; };
		4041789A2384DC430078893D /* AudioEncoder.swift in Sources */ = {isa = PBXBuildFile; fileRef = 404178992384DC430078893D /* AudioEncoder.swift */; };
		4048C51E24B5C3A80083FD3A /* RecordingViewController.swift in Sources */ = {isa = PBXBuildFile; fileRef = 4048C51C24B5C3A80083FD3A /* RecordingViewController.swift */; };
		4048C51F24B5C3A80083FD3A /* RecordingPipeline.swift in Sources */ = {isa = PBXBuildFile; fileRef = 4048C51D24B5C3A80083FD3A /* RecordingPipeline.swift */; };
		404CE2FB235D4C8B00DBCFB3 /* EffectCPUFilter.swift in Sources */ = {isa = PBXBuildFile; fileRef = 404CE2FA235D4C8B00DBCFB3 /* EffectCPUFilter.swift */; };
		404CE2FD235D531800DBCFB3 /* EffectCIFilter.swift in Sources */ = {isa = PBXBuildFile; fileRef = 404CE2FC235D531800DBCFB3 /* EffectCIFilter.swift */; };
		404CE305235D8F9D00DBCFB3 /* OpenCVWrapper.mm in Sources */ = {isa = PBXBuildFile; fileRef = 404CE304235D8F9D00DBCFB3 /* OpenCVWrapper.mm */; };
		404CE307235D8FE900DBCFB3 /* EffectOpenCVFilter.swift in Sources */ = {isa = PBXBuildFile; fileRef = 404CE306235D8FE900DBCFB3 /* EffectOpenCVFilter.swift */; };
		405FC95D24AEE2AE00CF98FE /* AssetRecorder.swift in Sources */ = {isa = PBXBuildFile; fileRef = 405FC95924AEE2AE00CF98FE /* AssetRecorder.swift */; };
		405FC95E24AEE2AE00CF98FE /* AudioEngineRecorder.swift in Sources */ = {isa = PBXBuildFile; fileRef = 405FC95A24AEE2AE00CF98FE /* AudioEngineRecorder.swift */; };
		405FC95F24AEE2AE00CF98FE /* AudioUnitRecorder.swift in Sources */ = {isa = PBXBuildFile; fileRef = 405FC95B24AEE2AE00CF98FE /* AudioUnitRecorder.swift */; };
		405FC96024AEE2AE00CF98FE /* AudioRecorder.swift in Sources */ = {isa = PBXBuildFile; fileRef = 405FC95C24AEE2AE00CF98FE /* AudioRecorder.swift */; };
		405FC96224AF12EA00CF98FE /* AudioEnginePlayer.swift in Sources */ = {isa = PBXBuildFile; fileRef = 405FC96124AF12EA00CF98FE /* AudioEnginePlayer.swift */; };
		4063871D23CDA59A0033CB8A /* logo.png in Resources */ = {isa = PBXBuildFile; fileRef = 4063871C23CDA59A0033CB8A /* logo.png */; };
		4063873E23D03A330033CB8A /* walk04.png in Resources */ = {isa = PBXBuildFile; fileRef = 4063873A23D03A320033CB8A /* walk04.png */; };
		4063873F23D03A330033CB8A /* walk02.png in Resources */ = {isa = PBXBuildFile; fileRef = 4063873B23D03A330033CB8A /* walk02.png */; };
		4063874023D03A330033CB8A /* walk03.png in Resources */ = {isa = PBXBuildFile; fileRef = 4063873C23D03A330033CB8A /* walk03.png */; };
		4063874123D03A330033CB8A /* walk01.png in Resources */ = {isa = PBXBuildFile; fileRef = 4063873D23D03A330033CB8A /* walk01.png */; };
		4063874623D19D3D0033CB8A /* explosion.png in Resources */ = {isa = PBXBuildFile; fileRef = 4063874423D19D3D0033CB8A /* explosion.png */; };
		4063874723D19D3D0033CB8A /* flower.png in Resources */ = {isa = PBXBuildFile; fileRef = 4063874523D19D3D0033CB8A /* flower.png */; };
		4063874A23D19DF30033CB8A /* EmitterFragment.glsl in Resources */ = {isa = PBXBuildFile; fileRef = 4063874823D19DF20033CB8A /* EmitterFragment.glsl */; };
		4063874B23D19DF30033CB8A /* EmitterVertex.glsl in Resources */ = {isa = PBXBuildFile; fileRef = 4063874923D19DF20033CB8A /* EmitterVertex.glsl */; };
		4063874D23D1A8E10033CB8A /* GLKMatrix+Array.swift in Sources */ = {isa = PBXBuildFile; fileRef = 4063874C23D1A8E10033CB8A /* GLKMatrix+Array.swift */; };
		406516A8238B81DC00809389 /* FourCharCode+StringLiteralConvertible.swift in Sources */ = {isa = PBXBuildFile; fileRef = 406516A7238B81DC00809389 /* FourCharCode+StringLiteralConvertible.swift */; };
		406C011523596E5100E01E70 /* PixelBufferTexture.swift in Sources */ = {isa = PBXBuildFile; fileRef = 406C011423596E5100E01E70 /* PixelBufferTexture.swift */; };
		406C0118235971AA00E01E70 /* RenderDestination.swift in Sources */ = {isa = PBXBuildFile; fileRef = 406C0117235971AA00E01E70 /* RenderDestination.swift */; };
		407843B9233DA624007B0CFE /* EffectFilter.swift in Sources */ = {isa = PBXBuildFile; fileRef = 407843B8233DA624007B0CFE /* EffectFilter.swift */; };
		407843BB233DA8F9007B0CFE /* EffectOpenGLFilter.swift in Sources */ = {isa = PBXBuildFile; fileRef = 407843BA233DA8F9007B0CFE /* EffectOpenGLFilter.swift */; };
		407843C1233DB2C9007B0CFE /* ShaderProgram.swift in Sources */ = {isa = PBXBuildFile; fileRef = 407843C0233DB2C9007B0CFE /* ShaderProgram.swift */; };
		408DB13024A1E01A00A09AA5 /* CameraViewController.swift in Sources */ = {isa = PBXBuildFile; fileRef = 408DB12E24A1E01A00A09AA5 /* CameraViewController.swift */; };
		408DB13124A1E01A00A09AA5 /* CameraPreviewView.swift in Sources */ = {isa = PBXBuildFile; fileRef = 408DB12F24A1E01A00A09AA5 /* CameraPreviewView.swift */; };
		40937E5A239E316C00DE5E85 /* libz.tbd in Frameworks */ = {isa = PBXBuildFile; fileRef = 40937E59239E316C00DE5E85 /* libz.tbd */; };
		40937E5C239E317500DE5E85 /* libbz2.tbd in Frameworks */ = {isa = PBXBuildFile; fileRef = 40937E5B239E317500DE5E85 /* libbz2.tbd */; };
		40937E5E239E317D00DE5E85 /* libiconv.tbd in Frameworks */ = {isa = PBXBuildFile; fileRef = 40937E5D239E317C00DE5E85 /* libiconv.tbd */; };
		40937E63239F36E100DE5E85 /* AACEncoder.mm in Sources */ = {isa = PBXBuildFile; fileRef = 40937E62239F36E100DE5E85 /* AACEncoder.mm */; };
		40A657F223A3663A00F5662B /* live_audio_packet_queue.cpp in Sources */ = {isa = PBXBuildFile; fileRef = 40A657F023A3663A00F5662B /* live_audio_packet_queue.cpp */; };
		40A657F823A3931900F5662B /* LivePublisher.mm in Sources */ = {isa = PBXBuildFile; fileRef = 40A657F723A3931900F5662B /* LivePublisher.mm */; };
		40AE65CF233E10B60063C4D8 /* FilterVertex.glsl in Resources */ = {isa = PBXBuildFile; fileRef = 40AE65CE233E10B60063C4D8 /* FilterVertex.glsl */; };
		40AE65D1233E10DD0063C4D8 /* FilterFragment.glsl in Resources */ = {isa = PBXBuildFile; fileRef = 40AE65D0233E10DD0063C4D8 /* FilterFragment.glsl */; };
		40B109F123A09644004198B4 /* audio_decoder.cpp in Sources */ = {isa = PBXBuildFile; fileRef = 40B109EF23A09644004198B4 /* audio_decoder.cpp */; };
		40B109F423A0F7A7004198B4 /* AACDecoder.mm in Sources */ = {isa = PBXBuildFile; fileRef = 40B109F323A0F7A7004198B4 /* AACDecoder.mm */; };
		40C4289423A245BE004CB01F /* live_packet_pool.cpp in Sources */ = {isa = PBXBuildFile; fileRef = 40C4289223A245BE004CB01F /* live_packet_pool.cpp */; };
		40C4289723A246E9004CB01F /* live_video_packet_queue.cpp in Sources */ = {isa = PBXBuildFile; fileRef = 40C4289523A246E9004CB01F /* live_video_packet_queue.cpp */; };
		40E1B287232F29B300A67F11 /* AppDelegate.swift in Sources */ = {isa = PBXBuildFile; fileRef = 40E1B286232F29B300A67F11 /* AppDelegate.swift */; };
		40E1B28C232F29B300A67F11 /* Main.storyboard in Resources */ = {isa = PBXBuildFile; fileRef = 40E1B28A232F29B300A67F11 /* Main.storyboard */; };
		40E1B28E232F29B400A67F11 /* Assets.xcassets in Resources */ = {isa = PBXBuildFile; fileRef = 40E1B28D232F29B400A67F11 /* Assets.xcassets */; };
		40E1B291232F29B400A67F11 /* LaunchScreen.storyboard in Resources */ = {isa = PBXBuildFile; fileRef = 40E1B28F232F29B400A67F11 /* LaunchScreen.storyboard */; };
		40E1B2AB232F2B2400A67F11 /* PhotoEditorViewController.swift in Sources */ = {isa = PBXBuildFile; fileRef = 40E1B298232F2B2300A67F11 /* PhotoEditorViewController.swift */; };
		40E1B2AD232F2B2400A67F11 /* PhotoEditorMaskView.swift in Sources */ = {isa = PBXBuildFile; fileRef = 40E1B29A232F2B2300A67F11 /* PhotoEditorMaskView.swift */; };
		40E1B2AE232F2B2400A67F11 /* MediaViewController.swift in Sources */ = {isa = PBXBuildFile; fileRef = 40E1B29B232F2B2300A67F11 /* MediaViewController.swift */; };
		40E1B2AF232F2B2400A67F11 /* PhotoEditorFrameView.swift in Sources */ = {isa = PBXBuildFile; fileRef = 40E1B29C232F2B2300A67F11 /* PhotoEditorFrameView.swift */; };
		40E1B2B0232F2B2400A67F11 /* LibraryPhotoCell.swift in Sources */ = {isa = PBXBuildFile; fileRef = 40E1B29D232F2B2300A67F11 /* LibraryPhotoCell.swift */; };
		40E1B2B1232F2B2400A67F11 /* PlayerViewController.swift in Sources */ = {isa = PBXBuildFile; fileRef = 40E1B29E232F2B2300A67F11 /* PlayerViewController.swift */; };
		40E1B2B2232F2B2400A67F11 /* PreviewPhotosViewController.swift in Sources */ = {isa = PBXBuildFile; fileRef = 40E1B29F232F2B2300A67F11 /* PreviewPhotosViewController.swift */; };
		40E1B2B3232F2B2400A67F11 /* RecordingControl.swift in Sources */ = {isa = PBXBuildFile; fileRef = 40E1B2A0232F2B2300A67F11 /* RecordingControl.swift */; };
		40E1B2B4232F2B2400A67F11 /* PhotoThumbnailCell.swift in Sources */ = {isa = PBXBuildFile; fileRef = 40E1B2A1232F2B2300A67F11 /* PhotoThumbnailCell.swift */; };
		40E1B2B5232F2B2400A67F11 /* PreviewPhotoViewController.swift in Sources */ = {isa = PBXBuildFile; fileRef = 40E1B2A2232F2B2400A67F11 /* PreviewPhotoViewController.swift */; };
		40E1B2B6232F2B2400A67F11 /* PhotoEditorResizeView.swift in Sources */ = {isa = PBXBuildFile; fileRef = 40E1B2A3232F2B2400A67F11 /* PhotoEditorResizeView.swift */; };
		40E1B2B7232F2B2400A67F11 /* LibraryVideoCell.swift in Sources */ = {isa = PBXBuildFile; fileRef = 40E1B2A4232F2B2400A67F11 /* LibraryVideoCell.swift */; };
		40E1B2B8232F2B2400A67F11 /* UIImage+Editor.swift in Sources */ = {isa = PBXBuildFile; fileRef = 40E1B2A5232F2B2400A67F11 /* UIImage+Editor.swift */; };
		40E1B2B9232F2B2400A67F11 /* PhotoLibraryViewController.swift in Sources */ = {isa = PBXBuildFile; fileRef = 40E1B2A6232F2B2400A67F11 /* PhotoLibraryViewController.swift */; };
		40E1B2BB232F2B2400A67F11 /* PreviewVideoViewController.swift in Sources */ = {isa = PBXBuildFile; fileRef = 40E1B2A8232F2B2400A67F11 /* PreviewVideoViewController.swift */; };
		40E1B2BC232F2B2400A67F11 /* PlayerView.swift in Sources */ = {isa = PBXBuildFile; fileRef = 40E1B2A9232F2B2400A67F11 /* PlayerView.swift */; };
		40E1B2BD232F2B2400A67F11 /* LibraryAlbumCell.swift in Sources */ = {isa = PBXBuildFile; fileRef = 40E1B2AA232F2B2400A67F11 /* LibraryAlbumCell.swift */; };
		40E1B2C5232F3E1E00A67F11 /* UIColor+Extension.swift in Sources */ = {isa = PBXBuildFile; fileRef = 40E1B2C4232F3E1E00A67F11 /* UIColor+Extension.swift */; };
		40E1B2C8232F618B00A67F11 /* CircleView.swift in Sources */ = {isa = PBXBuildFile; fileRef = 40E1B2C6232F618B00A67F11 /* CircleView.swift */; };
		40E1B2C9232F618B00A67F11 /* CircleLayer.swift in Sources */ = {isa = PBXBuildFile; fileRef = 40E1B2C7232F618B00A67F11 /* CircleLayer.swift */; };
		40E1B2CB232F7E5900A67F11 /* MediaCustomTheme.swift in Sources */ = {isa = PBXBuildFile; fileRef = 40E1B2CA232F7E5900A67F11 /* MediaCustomTheme.swift */; };
		40E1B2CD232F87EE00A67F11 /* OpenGLPreviewView.swift in Sources */ = {isa = PBXBuildFile; fileRef = 40E1B2CC232F87EE00A67F11 /* OpenGLPreviewView.swift */; };
		40E1B2CF232F90AB00A67F11 /* Array+Extension.swift in Sources */ = {isa = PBXBuildFile; fileRef = 40E1B2CE232F90AB00A67F11 /* Array+Extension.swift */; };
		40E9ACC823A76281005A1D97 /* live_thread.cpp in Sources */ = {isa = PBXBuildFile; fileRef = 40E9ACC623A76281005A1D97 /* live_thread.cpp */; };
		40E9ACCB23A76EEE005A1D97 /* video_consumer_thread.cpp in Sources */ = {isa = PBXBuildFile; fileRef = 40E9ACC923A76EEE005A1D97 /* video_consumer_thread.cpp */; };
		40E9ACCE23A7861B005A1D97 /* live_audio_packet_pool.cpp in Sources */ = {isa = PBXBuildFile; fileRef = 40E9ACCC23A7861B005A1D97 /* live_audio_packet_pool.cpp */; };
		40E9ACD123A78FC0005A1D97 /* recording_publisher.cpp in Sources */ = {isa = PBXBuildFile; fileRef = 40E9ACCF23A78FBF005A1D97 /* recording_publisher.cpp */; };
		40E9ACD423A8DA02005A1D97 /* recording_h264_publisher.cpp in Sources */ = {isa = PBXBuildFile; fileRef = 40E9ACD223A8DA02005A1D97 /* recording_h264_publisher.cpp */; };
		40F3E687237EABFE00D69336 /* AUGraphPlayer.swift in Sources */ = {isa = PBXBuildFile; fileRef = 40F3E686237EABFE00D69336 /* AUGraphPlayer.swift */; };
		40FA3FFD2369916B00738C47 /* LivingPipeline.swift in Sources */ = {isa = PBXBuildFile; fileRef = 40FA3FFC2369916B00738C47 /* LivingPipeline.swift */; };
		40FA40012369983200738C47 /* LivingViewController.swift in Sources */ = {isa = PBXBuildFile; fileRef = 40FA40002369983200738C47 /* LivingViewController.swift */; };
		40FE69DA2372609000F1D266 /* VideoEncoder.swift in Sources */ = {isa = PBXBuildFile; fileRef = 40FE69D92372609000F1D266 /* VideoEncoder.swift */; };
		40FE8A3223C57BC80092A5EA /* libavutil.a in Frameworks */ = {isa = PBXBuildFile; fileRef = 40FE8A2A23C57BC80092A5EA /* libavutil.a */; };
		40FE8A3323C57BC80092A5EA /* libavfilter.a in Frameworks */ = {isa = PBXBuildFile; fileRef = 40FE8A2B23C57BC80092A5EA /* libavfilter.a */; };
		40FE8A3423C57BC80092A5EA /* libavcodec.a in Frameworks */ = {isa = PBXBuildFile; fileRef = 40FE8A2C23C57BC80092A5EA /* libavcodec.a */; };
		40FE8A3523C57BC80092A5EA /* libpostproc.a in Frameworks */ = {isa = PBXBuildFile; fileRef = 40FE8A2D23C57BC80092A5EA /* libpostproc.a */; };
		40FE8A3623C57BC80092A5EA /* libavformat.a in Frameworks */ = {isa = PBXBuildFile; fileRef = 40FE8A2E23C57BC80092A5EA /* libavformat.a */; };
		40FE8A3723C57BC80092A5EA /* libavdevice.a in Frameworks */ = {isa = PBXBuildFile; fileRef = 40FE8A2F23C57BC80092A5EA /* libavdevice.a */; };
		40FE8A3823C57BC80092A5EA /* libswresample.a in Frameworks */ = {isa = PBXBuildFile; fileRef = 40FE8A3023C57BC80092A5EA /* libswresample.a */; };
		40FE8A3923C57BC80092A5EA /* libswscale.a in Frameworks */ = {isa = PBXBuildFile; fileRef = 40FE8A3123C57BC80092A5EA /* libswscale.a */; };
		40FE8A4323C57BD40092A5EA /* libfdk-aac.a in Frameworks */ = {isa = PBXBuildFile; fileRef = 40FE8A4223C57BD40092A5EA /* libfdk-aac.a */; };
		40FE8A4923C57BE20092A5EA /* libx264.a in Frameworks */ = {isa = PBXBuildFile; fileRef = 40FE8A4823C57BE20092A5EA /* libx264.a */; };
		C7A58C901B767F15132A7E7B /* Pods_DTCamera.framework in Frameworks */ = {isa = PBXBuildFile; fileRef = FB99C3FD79603ADA08F2CFE0 /* Pods_DTCamera.framework */; };
/* End PBXBuildFile section */

/* Begin PBXFileReference section */
		4009905824A2F70400A34B74 /* boat.mov */ = {isa = PBXFileReference; lastKnownFileType = video.quicktime; path = boat.mov; sourceTree = "<group>"; };
		40146B4C2351B5EC00F14513 /* DebugHelper.swift */ = {isa = PBXFileReference; lastKnownFileType = sourcecode.swift; path = DebugHelper.swift; sourceTree = "<group>"; };
		40181D6A23AB691D002B2397 /* live_audio_encoder.cpp */ = {isa = PBXFileReference; lastKnownFileType = sourcecode.cpp.cpp; path = live_audio_encoder.cpp; sourceTree = "<group>"; };
		40181D6B23AB691D002B2397 /* live_audio_encoder.h */ = {isa = PBXFileReference; lastKnownFileType = sourcecode.c.h; path = live_audio_encoder.h; sourceTree = "<group>"; };
		40181D6D23AB7ECE002B2397 /* live_audio_encoder_adapter.cpp */ = {isa = PBXFileReference; lastKnownFileType = sourcecode.cpp.cpp; path = live_audio_encoder_adapter.cpp; sourceTree = "<group>"; };
		40181D6E23AB7ECE002B2397 /* live_audio_encoder_adapter.h */ = {isa = PBXFileReference; lastKnownFileType = sourcecode.c.h; path = live_audio_encoder_adapter.h; sourceTree = "<group>"; };
		40307FF52390D1BE00915B97 /* DrumsMonoSTP.aif */ = {isa = PBXFileReference; lastKnownFileType = file; path = DrumsMonoSTP.aif; sourceTree = "<group>"; };
		40307FF62390D1BE00915B97 /* GuitarMonoSTP.aif */ = {isa = PBXFileReference; lastKnownFileType = file; path = GuitarMonoSTP.aif; sourceTree = "<group>"; };
		40307FF92390FF4800915B97 /* MenusViewController.swift */ = {isa = PBXFileReference; lastKnownFileType = sourcecode.swift; path = MenusViewController.swift; sourceTree = "<group>"; };
		4032F5972399060E00FABC3C /* opencv2.framework */ = {isa = PBXFileReference; lastKnownFileType = wrapper.framework; path = opencv2.framework; sourceTree = "<group>"; };
		4032F6232399089F00FABC3C /* audio_encoder.cpp */ = {isa = PBXFileReference; lastKnownFileType = sourcecode.cpp.cpp; path = audio_encoder.cpp; sourceTree = "<group>"; };
		4032F6242399089F00FABC3C /* audio_encoder.h */ = {isa = PBXFileReference; lastKnownFileType = sourcecode.c.h; path = audio_encoder.h; sourceTree = "<group>"; };
		403EEFD123320561007CC795 /* DirectPassVertex.glsl */ = {isa = PBXFileReference; fileEncoding = 4; lastKnownFileType = text; path = DirectPassVertex.glsl; sourceTree = "<group>"; };
		403EEFD223320561007CC795 /* DirectPassFragment.glsl */ = {isa = PBXFileReference; fileEncoding = 4; lastKnownFileType = text; path = DirectPassFragment.glsl; sourceTree = "<group>"; };
		404178972382A92E0078893D /* faded.mp3 */ = {isa = PBXFileReference; lastKnownFileType = audio.mp3; path = faded.mp3; sourceTree = "<group>"; };
		404178992384DC430078893D /* AudioEncoder.swift */ = {isa = PBXFileReference; lastKnownFileType = sourcecode.swift; path = AudioEncoder.swift; sourceTree = "<group>"; };
		4048C51C24B5C3A80083FD3A /* RecordingViewController.swift */ = {isa = PBXFileReference; fileEncoding = 4; lastKnownFileType = sourcecode.swift; path = RecordingViewController.swift; sourceTree = "<group>"; };
		4048C51D24B5C3A80083FD3A /* RecordingPipeline.swift */ = {isa = PBXFileReference; fileEncoding = 4; lastKnownFileType = sourcecode.swift; path = RecordingPipeline.swift; sourceTree = "<group>"; };
		404CE2FA235D4C8B00DBCFB3 /* EffectCPUFilter.swift */ = {isa = PBXFileReference; lastKnownFileType = sourcecode.swift; path = EffectCPUFilter.swift; sourceTree = "<group>"; };
		404CE2FC235D531800DBCFB3 /* EffectCIFilter.swift */ = {isa = PBXFileReference; lastKnownFileType = sourcecode.swift; path = EffectCIFilter.swift; sourceTree = "<group>"; };
		404CE302235D8F9D00DBCFB3 /* DTCamera-Bridging-Header.h */ = {isa = PBXFileReference; lastKnownFileType = sourcecode.c.h; path = "DTCamera-Bridging-Header.h"; sourceTree = "<group>"; };
		404CE303235D8F9D00DBCFB3 /* OpenCVWrapper.h */ = {isa = PBXFileReference; lastKnownFileType = sourcecode.c.h; path = OpenCVWrapper.h; sourceTree = "<group>"; };
		404CE304235D8F9D00DBCFB3 /* OpenCVWrapper.mm */ = {isa = PBXFileReference; lastKnownFileType = sourcecode.cpp.objcpp; path = OpenCVWrapper.mm; sourceTree = "<group>"; };
		404CE306235D8FE900DBCFB3 /* EffectOpenCVFilter.swift */ = {isa = PBXFileReference; lastKnownFileType = sourcecode.swift; path = EffectOpenCVFilter.swift; sourceTree = "<group>"; };
		405FC95924AEE2AE00CF98FE /* AssetRecorder.swift */ = {isa = PBXFileReference; fileEncoding = 4; lastKnownFileType = sourcecode.swift; path = AssetRecorder.swift; sourceTree = "<group>"; };
		405FC95A24AEE2AE00CF98FE /* AudioEngineRecorder.swift */ = {isa = PBXFileReference; fileEncoding = 4; lastKnownFileType = sourcecode.swift; path = AudioEngineRecorder.swift; sourceTree = "<group>"; };
		405FC95B24AEE2AE00CF98FE /* AudioUnitRecorder.swift */ = {isa = PBXFileReference; fileEncoding = 4; lastKnownFileType = sourcecode.swift; path = AudioUnitRecorder.swift; sourceTree = "<group>"; };
		405FC95C24AEE2AE00CF98FE /* AudioRecorder.swift */ = {isa = PBXFileReference; fileEncoding = 4; lastKnownFileType = sourcecode.swift; path = AudioRecorder.swift; sourceTree = "<group>"; };
		405FC96124AF12EA00CF98FE /* AudioEnginePlayer.swift */ = {isa = PBXFileReference; lastKnownFileType = sourcecode.swift; path = AudioEnginePlayer.swift; sourceTree = "<group>"; };
		4063871C23CDA59A0033CB8A /* logo.png */ = {isa = PBXFileReference; lastKnownFileType = image.png; path = logo.png; sourceTree = "<group>"; };
		4063873A23D03A320033CB8A /* walk04.png */ = {isa = PBXFileReference; lastKnownFileType = image.png; path = walk04.png; sourceTree = "<group>"; };
		4063873B23D03A330033CB8A /* walk02.png */ = {isa = PBXFileReference; lastKnownFileType = image.png; path = walk02.png; sourceTree = "<group>"; };
		4063873C23D03A330033CB8A /* walk03.png */ = {isa = PBXFileReference; lastKnownFileType = image.png; path = walk03.png; sourceTree = "<group>"; };
		4063873D23D03A330033CB8A /* walk01.png */ = {isa = PBXFileReference; lastKnownFileType = image.png; path = walk01.png; sourceTree = "<group>"; };
		4063874423D19D3D0033CB8A /* explosion.png */ = {isa = PBXFileReference; lastKnownFileType = image.png; path = explosion.png; sourceTree = "<group>"; };
		4063874523D19D3D0033CB8A /* flower.png */ = {isa = PBXFileReference; lastKnownFileType = image.png; path = flower.png; sourceTree = "<group>"; };
		4063874823D19DF20033CB8A /* EmitterFragment.glsl */ = {isa = PBXFileReference; fileEncoding = 4; lastKnownFileType = text; path = EmitterFragment.glsl; sourceTree = "<group>"; };
		4063874923D19DF20033CB8A /* EmitterVertex.glsl */ = {isa = PBXFileReference; fileEncoding = 4; lastKnownFileType = text; path = EmitterVertex.glsl; sourceTree = "<group>"; };
		4063874C23D1A8E10033CB8A /* GLKMatrix+Array.swift */ = {isa = PBXFileReference; fileEncoding = 4; lastKnownFileType = sourcecode.swift; path = "GLKMatrix+Array.swift"; sourceTree = "<group>"; };
		406516A7238B81DC00809389 /* FourCharCode+StringLiteralConvertible.swift */ = {isa = PBXFileReference; fileEncoding = 4; lastKnownFileType = sourcecode.swift; path = "FourCharCode+StringLiteralConvertible.swift"; sourceTree = "<group>"; };
		406C011423596E5100E01E70 /* PixelBufferTexture.swift */ = {isa = PBXFileReference; lastKnownFileType = sourcecode.swift; path = PixelBufferTexture.swift; sourceTree = "<group>"; };
		406C0117235971AA00E01E70 /* RenderDestination.swift */ = {isa = PBXFileReference; lastKnownFileType = sourcecode.swift; path = RenderDestination.swift; sourceTree = "<group>"; };
		407843B8233DA624007B0CFE /* EffectFilter.swift */ = {isa = PBXFileReference; lastKnownFileType = sourcecode.swift; path = EffectFilter.swift; sourceTree = "<group>"; };
		407843BA233DA8F9007B0CFE /* EffectOpenGLFilter.swift */ = {isa = PBXFileReference; lastKnownFileType = sourcecode.swift; path = EffectOpenGLFilter.swift; sourceTree = "<group>"; };
		407843C0233DB2C9007B0CFE /* ShaderProgram.swift */ = {isa = PBXFileReference; lastKnownFileType = sourcecode.swift; path = ShaderProgram.swift; sourceTree = "<group>"; };
		408DB12E24A1E01A00A09AA5 /* CameraViewController.swift */ = {isa = PBXFileReference; fileEncoding = 4; lastKnownFileType = sourcecode.swift; path = CameraViewController.swift; sourceTree = "<group>"; };
		408DB12F24A1E01A00A09AA5 /* CameraPreviewView.swift */ = {isa = PBXFileReference; fileEncoding = 4; lastKnownFileType = sourcecode.swift; path = CameraPreviewView.swift; sourceTree = "<group>"; };
		40937E59239E316C00DE5E85 /* libz.tbd */ = {isa = PBXFileReference; lastKnownFileType = "sourcecode.text-based-dylib-definition"; name = libz.tbd; path = usr/lib/libz.tbd; sourceTree = SDKROOT; };
		40937E5B239E317500DE5E85 /* libbz2.tbd */ = {isa = PBXFileReference; lastKnownFileType = "sourcecode.text-based-dylib-definition"; name = libbz2.tbd; path = usr/lib/libbz2.tbd; sourceTree = SDKROOT; };
		40937E5D239E317C00DE5E85 /* libiconv.tbd */ = {isa = PBXFileReference; lastKnownFileType = "sourcecode.text-based-dylib-definition"; name = libiconv.tbd; path = usr/lib/libiconv.tbd; sourceTree = SDKROOT; };
		40937E61239F36E100DE5E85 /* AACEncoder.h */ = {isa = PBXFileReference; lastKnownFileType = sourcecode.c.h; path = AACEncoder.h; sourceTree = "<group>"; };
		40937E62239F36E100DE5E85 /* AACEncoder.mm */ = {isa = PBXFileReference; lastKnownFileType = sourcecode.cpp.objcpp; path = AACEncoder.mm; sourceTree = "<group>"; };
		40A657F023A3663A00F5662B /* live_audio_packet_queue.cpp */ = {isa = PBXFileReference; lastKnownFileType = sourcecode.cpp.cpp; path = live_audio_packet_queue.cpp; sourceTree = "<group>"; };
		40A657F123A3663A00F5662B /* live_audio_packet_queue.h */ = {isa = PBXFileReference; lastKnownFileType = sourcecode.c.h; path = live_audio_packet_queue.h; sourceTree = "<group>"; };
		40A657F623A3931900F5662B /* LivePublisher.h */ = {isa = PBXFileReference; lastKnownFileType = sourcecode.c.h; path = LivePublisher.h; sourceTree = "<group>"; };
		40A657F723A3931900F5662B /* LivePublisher.mm */ = {isa = PBXFileReference; lastKnownFileType = sourcecode.cpp.objcpp; path = LivePublisher.mm; sourceTree = "<group>"; };
		40AE65CE233E10B60063C4D8 /* FilterVertex.glsl */ = {isa = PBXFileReference; lastKnownFileType = text; path = FilterVertex.glsl; sourceTree = "<group>"; };
		40AE65D0233E10DD0063C4D8 /* FilterFragment.glsl */ = {isa = PBXFileReference; lastKnownFileType = text; path = FilterFragment.glsl; sourceTree = "<group>"; };
		40B109EF23A09644004198B4 /* audio_decoder.cpp */ = {isa = PBXFileReference; lastKnownFileType = sourcecode.cpp.cpp; path = audio_decoder.cpp; sourceTree = "<group>"; };
		40B109F023A09644004198B4 /* audio_decoder.h */ = {isa = PBXFileReference; lastKnownFileType = sourcecode.c.h; path = audio_decoder.h; sourceTree = "<group>"; };
		40B109F223A0F7A7004198B4 /* AACDecoder.h */ = {isa = PBXFileReference; lastKnownFileType = sourcecode.c.h; path = AACDecoder.h; sourceTree = "<group>"; };
		40B109F323A0F7A7004198B4 /* AACDecoder.mm */ = {isa = PBXFileReference; lastKnownFileType = sourcecode.cpp.objcpp; path = AACDecoder.mm; sourceTree = "<group>"; };
		40C0A69723C2DD5900C7AB62 /* platform_4_live_common.h */ = {isa = PBXFileReference; fileEncoding = 4; lastKnownFileType = sourcecode.c.h; path = platform_4_live_common.h; sourceTree = "<group>"; };
		40C0A69823C2DD5900C7AB62 /* platform_4_live_ffmpeg.h */ = {isa = PBXFileReference; fileEncoding = 4; lastKnownFileType = sourcecode.c.h; path = platform_4_live_ffmpeg.h; sourceTree = "<group>"; };
		40C4289223A245BE004CB01F /* live_packet_pool.cpp */ = {isa = PBXFileReference; lastKnownFileType = sourcecode.cpp.cpp; path = live_packet_pool.cpp; sourceTree = "<group>"; };
		40C4289323A245BE004CB01F /* live_packet_pool.h */ = {isa = PBXFileReference; lastKnownFileType = sourcecode.c.h; path = live_packet_pool.h; sourceTree = "<group>"; };
		40C4289523A246E9004CB01F /* live_video_packet_queue.cpp */ = {isa = PBXFileReference; lastKnownFileType = sourcecode.cpp.cpp; path = live_video_packet_queue.cpp; sourceTree = "<group>"; };
		40C4289623A246E9004CB01F /* live_video_packet_queue.h */ = {isa = PBXFileReference; lastKnownFileType = sourcecode.c.h; path = live_video_packet_queue.h; sourceTree = "<group>"; };
		40E1B283232F29B300A67F11 /* DTCamera.app */ = {isa = PBXFileReference; explicitFileType = wrapper.application; includeInIndex = 0; path = DTCamera.app; sourceTree = BUILT_PRODUCTS_DIR; };
		40E1B286232F29B300A67F11 /* AppDelegate.swift */ = {isa = PBXFileReference; lastKnownFileType = sourcecode.swift; path = AppDelegate.swift; sourceTree = "<group>"; };
		40E1B28B232F29B300A67F11 /* Base */ = {isa = PBXFileReference; lastKnownFileType = file.storyboard; name = Base; path = Base.lproj/Main.storyboard; sourceTree = "<group>"; };
		40E1B28D232F29B400A67F11 /* Assets.xcassets */ = {isa = PBXFileReference; lastKnownFileType = folder.assetcatalog; path = Assets.xcassets; sourceTree = "<group>"; };
		40E1B290232F29B400A67F11 /* Base */ = {isa = PBXFileReference; lastKnownFileType = file.storyboard; name = Base; path = Base.lproj/LaunchScreen.storyboard; sourceTree = "<group>"; };
		40E1B292232F29B400A67F11 /* Info.plist */ = {isa = PBXFileReference; lastKnownFileType = text.plist.xml; path = Info.plist; sourceTree = "<group>"; };
		40E1B298232F2B2300A67F11 /* PhotoEditorViewController.swift */ = {isa = PBXFileReference; fileEncoding = 4; lastKnownFileType = sourcecode.swift; path = PhotoEditorViewController.swift; sourceTree = "<group>"; };
		40E1B29A232F2B2300A67F11 /* PhotoEditorMaskView.swift */ = {isa = PBXFileReference; fileEncoding = 4; lastKnownFileType = sourcecode.swift; path = PhotoEditorMaskView.swift; sourceTree = "<group>"; };
		40E1B29B232F2B2300A67F11 /* MediaViewController.swift */ = {isa = PBXFileReference; fileEncoding = 4; lastKnownFileType = sourcecode.swift; path = MediaViewController.swift; sourceTree = "<group>"; };
		40E1B29C232F2B2300A67F11 /* PhotoEditorFrameView.swift */ = {isa = PBXFileReference; fileEncoding = 4; lastKnownFileType = sourcecode.swift; path = PhotoEditorFrameView.swift; sourceTree = "<group>"; };
		40E1B29D232F2B2300A67F11 /* LibraryPhotoCell.swift */ = {isa = PBXFileReference; fileEncoding = 4; lastKnownFileType = sourcecode.swift; path = LibraryPhotoCell.swift; sourceTree = "<group>"; };
		40E1B29E232F2B2300A67F11 /* PlayerViewController.swift */ = {isa = PBXFileReference; fileEncoding = 4; lastKnownFileType = sourcecode.swift; path = PlayerViewController.swift; sourceTree = "<group>"; };
		40E1B29F232F2B2300A67F11 /* PreviewPhotosViewController.swift */ = {isa = PBXFileReference; fileEncoding = 4; lastKnownFileType = sourcecode.swift; path = PreviewPhotosViewController.swift; sourceTree = "<group>"; };
		40E1B2A0232F2B2300A67F11 /* RecordingControl.swift */ = {isa = PBXFileReference; fileEncoding = 4; lastKnownFileType = sourcecode.swift; path = RecordingControl.swift; sourceTree = "<group>"; };
		40E1B2A1232F2B2300A67F11 /* PhotoThumbnailCell.swift */ = {isa = PBXFileReference; fileEncoding = 4; lastKnownFileType = sourcecode.swift; path = PhotoThumbnailCell.swift; sourceTree = "<group>"; };
		40E1B2A2232F2B2400A67F11 /* PreviewPhotoViewController.swift */ = {isa = PBXFileReference; fileEncoding = 4; lastKnownFileType = sourcecode.swift; path = PreviewPhotoViewController.swift; sourceTree = "<group>"; };
		40E1B2A3232F2B2400A67F11 /* PhotoEditorResizeView.swift */ = {isa = PBXFileReference; fileEncoding = 4; lastKnownFileType = sourcecode.swift; path = PhotoEditorResizeView.swift; sourceTree = "<group>"; };
		40E1B2A4232F2B2400A67F11 /* LibraryVideoCell.swift */ = {isa = PBXFileReference; fileEncoding = 4; lastKnownFileType = sourcecode.swift; path = LibraryVideoCell.swift; sourceTree = "<group>"; };
		40E1B2A5232F2B2400A67F11 /* UIImage+Editor.swift */ = {isa = PBXFileReference; fileEncoding = 4; lastKnownFileType = sourcecode.swift; path = "UIImage+Editor.swift"; sourceTree = "<group>"; };
		40E1B2A6232F2B2400A67F11 /* PhotoLibraryViewController.swift */ = {isa = PBXFileReference; fileEncoding = 4; lastKnownFileType = sourcecode.swift; path = PhotoLibraryViewController.swift; sourceTree = "<group>"; };
		40E1B2A8232F2B2400A67F11 /* PreviewVideoViewController.swift */ = {isa = PBXFileReference; fileEncoding = 4; lastKnownFileType = sourcecode.swift; path = PreviewVideoViewController.swift; sourceTree = "<group>"; };
		40E1B2A9232F2B2400A67F11 /* PlayerView.swift */ = {isa = PBXFileReference; fileEncoding = 4; lastKnownFileType = sourcecode.swift; path = PlayerView.swift; sourceTree = "<group>"; };
		40E1B2AA232F2B2400A67F11 /* LibraryAlbumCell.swift */ = {isa = PBXFileReference; fileEncoding = 4; lastKnownFileType = sourcecode.swift; path = LibraryAlbumCell.swift; sourceTree = "<group>"; };
		40E1B2C4232F3E1E00A67F11 /* UIColor+Extension.swift */ = {isa = PBXFileReference; lastKnownFileType = sourcecode.swift; path = "UIColor+Extension.swift"; sourceTree = "<group>"; };
		40E1B2C6232F618B00A67F11 /* CircleView.swift */ = {isa = PBXFileReference; fileEncoding = 4; lastKnownFileType = sourcecode.swift; path = CircleView.swift; sourceTree = "<group>"; };
		40E1B2C7232F618B00A67F11 /* CircleLayer.swift */ = {isa = PBXFileReference; fileEncoding = 4; lastKnownFileType = sourcecode.swift; path = CircleLayer.swift; sourceTree = "<group>"; };
		40E1B2CA232F7E5900A67F11 /* MediaCustomTheme.swift */ = {isa = PBXFileReference; lastKnownFileType = sourcecode.swift; path = MediaCustomTheme.swift; sourceTree = "<group>"; };
		40E1B2CC232F87EE00A67F11 /* OpenGLPreviewView.swift */ = {isa = PBXFileReference; fileEncoding = 4; lastKnownFileType = sourcecode.swift; path = OpenGLPreviewView.swift; sourceTree = "<group>"; };
		40E1B2CE232F90AB00A67F11 /* Array+Extension.swift */ = {isa = PBXFileReference; lastKnownFileType = sourcecode.swift; path = "Array+Extension.swift"; sourceTree = "<group>"; };
		40E9ACC623A76281005A1D97 /* live_thread.cpp */ = {isa = PBXFileReference; lastKnownFileType = sourcecode.cpp.cpp; path = live_thread.cpp; sourceTree = "<group>"; };
		40E9ACC723A76281005A1D97 /* live_thread.h */ = {isa = PBXFileReference; lastKnownFileType = sourcecode.c.h; path = live_thread.h; sourceTree = "<group>"; };
		40E9ACC923A76EEE005A1D97 /* video_consumer_thread.cpp */ = {isa = PBXFileReference; lastKnownFileType = sourcecode.cpp.cpp; path = video_consumer_thread.cpp; sourceTree = "<group>"; };
		40E9ACCA23A76EEE005A1D97 /* video_consumer_thread.h */ = {isa = PBXFileReference; lastKnownFileType = sourcecode.c.h; path = video_consumer_thread.h; sourceTree = "<group>"; };
		40E9ACCC23A7861B005A1D97 /* live_audio_packet_pool.cpp */ = {isa = PBXFileReference; lastKnownFileType = sourcecode.cpp.cpp; path = live_audio_packet_pool.cpp; sourceTree = "<group>"; };
		40E9ACCD23A7861B005A1D97 /* live_audio_packet_pool.h */ = {isa = PBXFileReference; lastKnownFileType = sourcecode.c.h; path = live_audio_packet_pool.h; sourceTree = "<group>"; };
		40E9ACCF23A78FBF005A1D97 /* recording_publisher.cpp */ = {isa = PBXFileReference; lastKnownFileType = sourcecode.cpp.cpp; path = recording_publisher.cpp; sourceTree = "<group>"; };
		40E9ACD023A78FC0005A1D97 /* recording_publisher.h */ = {isa = PBXFileReference; lastKnownFileType = sourcecode.c.h; path = recording_publisher.h; sourceTree = "<group>"; };
		40E9ACD223A8DA02005A1D97 /* recording_h264_publisher.cpp */ = {isa = PBXFileReference; lastKnownFileType = sourcecode.cpp.cpp; path = recording_h264_publisher.cpp; sourceTree = "<group>"; };
		40E9ACD323A8DA02005A1D97 /* recording_h264_publisher.h */ = {isa = PBXFileReference; lastKnownFileType = sourcecode.c.h; path = recording_h264_publisher.h; sourceTree = "<group>"; };
		40F3E686237EABFE00D69336 /* AUGraphPlayer.swift */ = {isa = PBXFileReference; lastKnownFileType = sourcecode.swift; path = AUGraphPlayer.swift; sourceTree = "<group>"; };
		40FA3FFC2369916B00738C47 /* LivingPipeline.swift */ = {isa = PBXFileReference; lastKnownFileType = sourcecode.swift; path = LivingPipeline.swift; sourceTree = "<group>"; };
		40FA40002369983200738C47 /* LivingViewController.swift */ = {isa = PBXFileReference; lastKnownFileType = sourcecode.swift; path = LivingViewController.swift; sourceTree = "<group>"; };
		40FE69D92372609000F1D266 /* VideoEncoder.swift */ = {isa = PBXFileReference; lastKnownFileType = sourcecode.swift; path = VideoEncoder.swift; sourceTree = "<group>"; };
		40FE89CA23C57BC80092A5EA /* version.h */ = {isa = PBXFileReference; fileEncoding = 4; lastKnownFileType = sourcecode.c.h; path = version.h; sourceTree = "<group>"; };
		40FE89CB23C57BC80092A5EA /* postprocess.h */ = {isa = PBXFileReference; fileEncoding = 4; lastKnownFileType = sourcecode.c.h; path = postprocess.h; sourceTree = "<group>"; };
		40FE89CD23C57BC80092A5EA /* avcodec.h */ = {isa = PBXFileReference; fileEncoding = 4; lastKnownFileType = sourcecode.c.h; path = avcodec.h; sourceTree = "<group>"; };
		40FE89CE23C57BC80092A5EA /* version.h */ = {isa = PBXFileReference; fileEncoding = 4; lastKnownFileType = sourcecode.c.h; path = version.h; sourceTree = "<group>"; };
		40FE89CF23C57BC80092A5EA /* buffersrc.h */ = {isa = PBXFileReference; fileEncoding = 4; lastKnownFileType = sourcecode.c.h; path = buffersrc.h; sourceTree = "<group>"; };
		40FE89D023C57BC80092A5EA /* asrc_abuffer.h */ = {isa = PBXFileReference; fileEncoding = 4; lastKnownFileType = sourcecode.c.h; path = asrc_abuffer.h; sourceTree = "<group>"; };
		40FE89D123C57BC80092A5EA /* buffersink.h */ = {isa = PBXFileReference; fileEncoding = 4; lastKnownFileType = sourcecode.c.h; path = buffersink.h; sourceTree = "<group>"; };
		40FE89D223C57BC80092A5EA /* avfilter.h */ = {isa = PBXFileReference; fileEncoding = 4; lastKnownFileType = sourcecode.c.h; path = avfilter.h; sourceTree = "<group>"; };
		40FE89D323C57BC80092A5EA /* avfiltergraph.h */ = {isa = PBXFileReference; fileEncoding = 4; lastKnownFileType = sourcecode.c.h; path = avfiltergraph.h; sourceTree = "<group>"; };
		40FE89D523C57BC80092A5EA /* time.h */ = {isa = PBXFileReference; fileEncoding = 4; lastKnownFileType = sourcecode.c.h; path = time.h; sourceTree = "<group>"; };
		40FE89D623C57BC80092A5EA /* intfloat.h */ = {isa = PBXFileReference; fileEncoding = 4; lastKnownFileType = sourcecode.c.h; path = intfloat.h; sourceTree = "<group>"; };
		40FE89D723C57BC80092A5EA /* error.h */ = {isa = PBXFileReference; fileEncoding = 4; lastKnownFileType = sourcecode.c.h; path = error.h; sourceTree = "<group>"; };
		40FE89D823C57BC80092A5EA /* fifo.h */ = {isa = PBXFileReference; fileEncoding = 4; lastKnownFileType = sourcecode.c.h; path = fifo.h; sourceTree = "<group>"; };
		40FE89D923C57BC80092A5EA /* blowfish.h */ = {isa = PBXFileReference; fileEncoding = 4; lastKnownFileType = sourcecode.c.h; path = blowfish.h; sourceTree = "<group>"; };
		40FE89DA23C57BC80092A5EA /* replaygain.h */ = {isa = PBXFileReference; fileEncoding = 4; lastKnownFileType = sourcecode.c.h; path = replaygain.h; sourceTree = "<group>"; };
		40FE89DB23C57BC80092A5EA /* version.h */ = {isa = PBXFileReference; fileEncoding = 4; lastKnownFileType = sourcecode.c.h; path = version.h; sourceTree = "<group>"; };
		40FE89DC23C57BC80092A5EA /* murmur3.h */ = {isa = PBXFileReference; fileEncoding = 4; lastKnownFileType = sourcecode.c.h; path = murmur3.h; sourceTree = "<group>"; };
		40FE89DD23C57BC80092A5EA /* stereo3d.h */ = {isa = PBXFileReference; fileEncoding = 4; lastKnownFileType = sourcecode.c.h; path = stereo3d.h; sourceTree = "<group>"; };
		40FE89DE23C57BC80092A5EA /* samplefmt.h */ = {isa = PBXFileReference; fileEncoding = 4; lastKnownFileType = sourcecode.c.h; path = samplefmt.h; sourceTree = "<group>"; };
		40FE89DF23C57BC80092A5EA /* pixdesc.h */ = {isa = PBXFileReference; fileEncoding = 4; lastKnownFileType = sourcecode.c.h; path = pixdesc.h; sourceTree = "<group>"; };
		40FE89E023C57BC80092A5EA /* base64.h */ = {isa = PBXFileReference; fileEncoding = 4; lastKnownFileType = sourcecode.c.h; path = base64.h; sourceTree = "<group>"; };
		40FE89E123C57BC80092A5EA /* rational.h */ = {isa = PBXFileReference; fileEncoding = 4; lastKnownFileType = sourcecode.c.h; path = rational.h; sourceTree = "<group>"; };
		40FE89E223C57BC80092A5EA /* sha.h */ = {isa = PBXFileReference; fileEncoding = 4; lastKnownFileType = sourcecode.c.h; path = sha.h; sourceTree = "<group>"; };
		40FE89E323C57BC80092A5EA /* avconfig.h */ = {isa = PBXFileReference; fileEncoding = 4; lastKnownFileType = sourcecode.c.h; path = avconfig.h; sourceTree = "<group>"; };
		40FE89E423C57BC80092A5EA /* lfg.h */ = {isa = PBXFileReference; fileEncoding = 4; lastKnownFileType = sourcecode.c.h; path = lfg.h; sourceTree = "<group>"; };
		40FE89E523C57BC80092A5EA /* avutil.h */ = {isa = PBXFileReference; fileEncoding = 4; lastKnownFileType = sourcecode.c.h; path = avutil.h; sourceTree = "<group>"; };
		40FE89E623C57BC80092A5EA /* intfloat_readwrite.h */ = {isa = PBXFileReference; fileEncoding = 4; lastKnownFileType = sourcecode.c.h; path = intfloat_readwrite.h; sourceTree = "<group>"; };
		40FE89E723C57BC80092A5EA /* xtea.h */ = {isa = PBXFileReference; fileEncoding = 4; lastKnownFileType = sourcecode.c.h; path = xtea.h; sourceTree = "<group>"; };
		40FE89E823C57BC80092A5EA /* crc.h */ = {isa = PBXFileReference; fileEncoding = 4; lastKnownFileType = sourcecode.c.h; path = crc.h; sourceTree = "<group>"; };
		40FE89E923C57BC80092A5EA /* frame.h */ = {isa = PBXFileReference; fileEncoding = 4; lastKnownFileType = sourcecode.c.h; path = frame.h; sourceTree = "<group>"; };
		40FE89EA23C57BC80092A5EA /* file.h */ = {isa = PBXFileReference; fileEncoding = 4; lastKnownFileType = sourcecode.c.h; path = file.h; sourceTree = "<group>"; };
		40FE89EB23C57BC80092A5EA /* md5.h */ = {isa = PBXFileReference; fileEncoding = 4; lastKnownFileType = sourcecode.c.h; path = md5.h; sourceTree = "<group>"; };
		40FE89EC23C57BC80092A5EA /* ffversion.h */ = {isa = PBXFileReference; fileEncoding = 4; lastKnownFileType = sourcecode.c.h; path = ffversion.h; sourceTree = "<group>"; };
		40FE89ED23C57BC80092A5EA /* audio_fifo.h */ = {isa = PBXFileReference; fileEncoding = 4; lastKnownFileType = sourcecode.c.h; path = audio_fifo.h; sourceTree = "<group>"; };
		40FE89EE23C57BC80092A5EA /* threadmessage.h */ = {isa = PBXFileReference; fileEncoding = 4; lastKnownFileType = sourcecode.c.h; path = threadmessage.h; sourceTree = "<group>"; };
		40FE89EF23C57BC80092A5EA /* attributes.h */ = {isa = PBXFileReference; fileEncoding = 4; lastKnownFileType = sourcecode.c.h; path = attributes.h; sourceTree = "<group>"; };
		40FE89F023C57BC80092A5EA /* adler32.h */ = {isa = PBXFileReference; fileEncoding = 4; lastKnownFileType = sourcecode.c.h; path = adler32.h; sourceTree = "<group>"; };
		40FE89F123C57BC80092A5EA /* timecode.h */ = {isa = PBXFileReference; fileEncoding = 4; lastKnownFileType = sourcecode.c.h; path = timecode.h; sourceTree = "<group>"; };
		40FE89F223C57BC80092A5EA /* sha512.h */ = {isa = PBXFileReference; fileEncoding = 4; lastKnownFileType = sourcecode.c.h; path = sha512.h; sourceTree = "<group>"; };
		40FE89F323C57BC80092A5EA /* display.h */ = {isa = PBXFileReference; fileEncoding = 4; lastKnownFileType = sourcecode.c.h; path = display.h; sourceTree = "<group>"; };
		40FE89F423C57BC80092A5EA /* buffer.h */ = {isa = PBXFileReference; fileEncoding = 4; lastKnownFileType = sourcecode.c.h; path = buffer.h; sourceTree = "<group>"; };
		40FE89F523C57BC80092A5EA /* common.h */ = {isa = PBXFileReference; fileEncoding = 4; lastKnownFileType = sourcecode.c.h; path = common.h; sourceTree = "<group>"; };
		40FE89F623C57BC80092A5EA /* hmac.h */ = {isa = PBXFileReference; fileEncoding = 4; lastKnownFileType = sourcecode.c.h; path = hmac.h; sourceTree = "<group>"; };
		40FE89F723C57BC80092A5EA /* eval.h */ = {isa = PBXFileReference; fileEncoding = 4; lastKnownFileType = sourcecode.c.h; path = eval.h; sourceTree = "<group>"; };
		40FE89F823C57BC80092A5EA /* dict.h */ = {isa = PBXFileReference; fileEncoding = 4; lastKnownFileType = sourcecode.c.h; path = dict.h; sourceTree = "<group>"; };
		40FE89F923C57BC80092A5EA /* random_seed.h */ = {isa = PBXFileReference; fileEncoding = 4; lastKnownFileType = sourcecode.c.h; path = random_seed.h; sourceTree = "<group>"; };
		40FE89FA23C57BC80092A5EA /* opt.h */ = {isa = PBXFileReference; fileEncoding = 4; lastKnownFileType = sourcecode.c.h; path = opt.h; sourceTree = "<group>"; };
		40FE89FB23C57BC80092A5EA /* log.h */ = {isa = PBXFileReference; fileEncoding = 4; lastKnownFileType = sourcecode.c.h; path = log.h; sourceTree = "<group>"; };
		40FE89FC23C57BC80092A5EA /* aes.h */ = {isa = PBXFileReference; fileEncoding = 4; lastKnownFileType = sourcecode.c.h; path = aes.h; sourceTree = "<group>"; };
		40FE89FD23C57BC80092A5EA /* macros.h */ = {isa = PBXFileReference; fileEncoding = 4; lastKnownFileType = sourcecode.c.h; path = macros.h; sourceTree = "<group>"; };
		40FE89FE23C57BC80092A5EA /* bswap.h */ = {isa = PBXFileReference; fileEncoding = 4; lastKnownFileType = sourcecode.c.h; path = bswap.h; sourceTree = "<group>"; };
		40FE89FF23C57BC80092A5EA /* old_pix_fmts.h */ = {isa = PBXFileReference; fileEncoding = 4; lastKnownFileType = sourcecode.c.h; path = old_pix_fmts.h; sourceTree = "<group>"; };
		40FE8A0023C57BC80092A5EA /* cpu.h */ = {isa = PBXFileReference; fileEncoding = 4; lastKnownFileType = sourcecode.c.h; path = cpu.h; sourceTree = "<group>"; };
		40FE8A0123C57BC80092A5EA /* audioconvert.h */ = {isa = PBXFileReference; fileEncoding = 4; lastKnownFileType = sourcecode.c.h; path = audioconvert.h; sourceTree = "<group>"; };
		40FE8A0223C57BC80092A5EA /* lzo.h */ = {isa = PBXFileReference; fileEncoding = 4; lastKnownFileType = sourcecode.c.h; path = lzo.h; sourceTree = "<group>"; };
		40FE8A0323C57BC80092A5EA /* channel_layout.h */ = {isa = PBXFileReference; fileEncoding = 4; lastKnownFileType = sourcecode.c.h; path = channel_layout.h; sourceTree = "<group>"; };
		40FE8A0423C57BC80092A5EA /* imgutils.h */ = {isa = PBXFileReference; fileEncoding = 4; lastKnownFileType = sourcecode.c.h; path = imgutils.h; sourceTree = "<group>"; };
		40FE8A0523C57BC80092A5EA /* mem.h */ = {isa = PBXFileReference; fileEncoding = 4; lastKnownFileType = sourcecode.c.h; path = mem.h; sourceTree = "<group>"; };
		40FE8A0623C57BC80092A5EA /* parseutils.h */ = {isa = PBXFileReference; fileEncoding = 4; lastKnownFileType = sourcecode.c.h; path = parseutils.h; sourceTree = "<group>"; };
		40FE8A0723C57BC80092A5EA /* ripemd.h */ = {isa = PBXFileReference; fileEncoding = 4; lastKnownFileType = sourcecode.c.h; path = ripemd.h; sourceTree = "<group>"; };
		40FE8A0823C57BC80092A5EA /* bprint.h */ = {isa = PBXFileReference; fileEncoding = 4; lastKnownFileType = sourcecode.c.h; path = bprint.h; sourceTree = "<group>"; };
		40FE8A0923C57BC80092A5EA /* pixfmt.h */ = {isa = PBXFileReference; fileEncoding = 4; lastKnownFileType = sourcecode.c.h; path = pixfmt.h; sourceTree = "<group>"; };
		40FE8A0A23C57BC80092A5EA /* timestamp.h */ = {isa = PBXFileReference; fileEncoding = 4; lastKnownFileType = sourcecode.c.h; path = timestamp.h; sourceTree = "<group>"; };
		40FE8A0B23C57BC80092A5EA /* downmix_info.h */ = {isa = PBXFileReference; fileEncoding = 4; lastKnownFileType = sourcecode.c.h; path = downmix_info.h; sourceTree = "<group>"; };
		40FE8A0C23C57BC80092A5EA /* avassert.h */ = {isa = PBXFileReference; fileEncoding = 4; lastKnownFileType = sourcecode.c.h; path = avassert.h; sourceTree = "<group>"; };
		40FE8A0D23C57BC80092A5EA /* hash.h */ = {isa = PBXFileReference; fileEncoding = 4; lastKnownFileType = sourcecode.c.h; path = hash.h; sourceTree = "<group>"; };
		40FE8A0E23C57BC80092A5EA /* mathematics.h */ = {isa = PBXFileReference; fileEncoding = 4; lastKnownFileType = sourcecode.c.h; path = mathematics.h; sourceTree = "<group>"; };
		40FE8A0F23C57BC80092A5EA /* intreadwrite.h */ = {isa = PBXFileReference; fileEncoding = 4; lastKnownFileType = sourcecode.c.h; path = intreadwrite.h; sourceTree = "<group>"; };
		40FE8A1023C57BC80092A5EA /* avstring.h */ = {isa = PBXFileReference; fileEncoding = 4; lastKnownFileType = sourcecode.c.h; path = avstring.h; sourceTree = "<group>"; };
		40FE8A1223C57BC80092A5EA /* version.h */ = {isa = PBXFileReference; fileEncoding = 4; lastKnownFileType = sourcecode.c.h; path = version.h; sourceTree = "<group>"; };
		40FE8A1323C57BC80092A5EA /* avdevice.h */ = {isa = PBXFileReference; fileEncoding = 4; lastKnownFileType = sourcecode.c.h; path = avdevice.h; sourceTree = "<group>"; };
		40FE8A1523C57BC80092A5EA /* version.h */ = {isa = PBXFileReference; fileEncoding = 4; lastKnownFileType = sourcecode.c.h; path = version.h; sourceTree = "<group>"; };
		40FE8A1623C57BC80092A5EA /* avio.h */ = {isa = PBXFileReference; fileEncoding = 4; lastKnownFileType = sourcecode.c.h; path = avio.h; sourceTree = "<group>"; };
		40FE8A1723C57BC80092A5EA /* avformat.h */ = {isa = PBXFileReference; fileEncoding = 4; lastKnownFileType = sourcecode.c.h; path = avformat.h; sourceTree = "<group>"; };
		40FE8A1923C57BC80092A5EA /* version.h */ = {isa = PBXFileReference; fileEncoding = 4; lastKnownFileType = sourcecode.c.h; path = version.h; sourceTree = "<group>"; };
		40FE8A1A23C57BC80092A5EA /* swscale.h */ = {isa = PBXFileReference; fileEncoding = 4; lastKnownFileType = sourcecode.c.h; path = swscale.h; sourceTree = "<group>"; };
		40FE8A1C23C57BC80092A5EA /* avcodec.h */ = {isa = PBXFileReference; fileEncoding = 4; lastKnownFileType = sourcecode.c.h; path = avcodec.h; sourceTree = "<group>"; };
		40FE8A1D23C57BC80092A5EA /* version.h */ = {isa = PBXFileReference; fileEncoding = 4; lastKnownFileType = sourcecode.c.h; path = version.h; sourceTree = "<group>"; };
		40FE8A1E23C57BC80092A5EA /* vdpau.h */ = {isa = PBXFileReference; fileEncoding = 4; lastKnownFileType = sourcecode.c.h; path = vdpau.h; sourceTree = "<group>"; };
		40FE8A1F23C57BC80092A5EA /* vaapi.h */ = {isa = PBXFileReference; fileEncoding = 4; lastKnownFileType = sourcecode.c.h; path = vaapi.h; sourceTree = "<group>"; };
		40FE8A2023C57BC80092A5EA /* xvmc.h */ = {isa = PBXFileReference; fileEncoding = 4; lastKnownFileType = sourcecode.c.h; path = xvmc.h; sourceTree = "<group>"; };
		40FE8A2123C57BC80092A5EA /* avfft.h */ = {isa = PBXFileReference; fileEncoding = 4; lastKnownFileType = sourcecode.c.h; path = avfft.h; sourceTree = "<group>"; };
		40FE8A2223C57BC80092A5EA /* vda.h */ = {isa = PBXFileReference; fileEncoding = 4; lastKnownFileType = sourcecode.c.h; path = vda.h; sourceTree = "<group>"; };
		40FE8A2323C57BC80092A5EA /* dxva2.h */ = {isa = PBXFileReference; fileEncoding = 4; lastKnownFileType = sourcecode.c.h; path = dxva2.h; sourceTree = "<group>"; };
		40FE8A2423C57BC80092A5EA /* dv_profile.h */ = {isa = PBXFileReference; fileEncoding = 4; lastKnownFileType = sourcecode.c.h; path = dv_profile.h; sourceTree = "<group>"; };
		40FE8A2523C57BC80092A5EA /* old_codec_ids.h */ = {isa = PBXFileReference; fileEncoding = 4; lastKnownFileType = sourcecode.c.h; path = old_codec_ids.h; sourceTree = "<group>"; };
		40FE8A2723C57BC80092A5EA /* version.h */ = {isa = PBXFileReference; fileEncoding = 4; lastKnownFileType = sourcecode.c.h; path = version.h; sourceTree = "<group>"; };
		40FE8A2823C57BC80092A5EA /* swresample.h */ = {isa = PBXFileReference; fileEncoding = 4; lastKnownFileType = sourcecode.c.h; path = swresample.h; sourceTree = "<group>"; };
		40FE8A2A23C57BC80092A5EA /* libavutil.a */ = {isa = PBXFileReference; lastKnownFileType = archive.ar; path = libavutil.a; sourceTree = "<group>"; };
		40FE8A2B23C57BC80092A5EA /* libavfilter.a */ = {isa = PBXFileReference; lastKnownFileType = archive.ar; path = libavfilter.a; sourceTree = "<group>"; };
		40FE8A2C23C57BC80092A5EA /* libavcodec.a */ = {isa = PBXFileReference; lastKnownFileType = archive.ar; path = libavcodec.a; sourceTree = "<group>"; };
		40FE8A2D23C57BC80092A5EA /* libpostproc.a */ = {isa = PBXFileReference; lastKnownFileType = archive.ar; path = libpostproc.a; sourceTree = "<group>"; };
		40FE8A2E23C57BC80092A5EA /* libavformat.a */ = {isa = PBXFileReference; lastKnownFileType = archive.ar; path = libavformat.a; sourceTree = "<group>"; };
		40FE8A2F23C57BC80092A5EA /* libavdevice.a */ = {isa = PBXFileReference; lastKnownFileType = archive.ar; path = libavdevice.a; sourceTree = "<group>"; };
		40FE8A3023C57BC80092A5EA /* libswresample.a */ = {isa = PBXFileReference; lastKnownFileType = archive.ar; path = libswresample.a; sourceTree = "<group>"; };
		40FE8A3123C57BC80092A5EA /* libswscale.a */ = {isa = PBXFileReference; lastKnownFileType = archive.ar; path = libswscale.a; sourceTree = "<group>"; };
		40FE8A3C23C57BD40092A5EA /* aacdecoder_lib.h */ = {isa = PBXFileReference; fileEncoding = 4; lastKnownFileType = sourcecode.c.h; path = aacdecoder_lib.h; sourceTree = "<group>"; };
		40FE8A3D23C57BD40092A5EA /* machine_type.h */ = {isa = PBXFileReference; fileEncoding = 4; lastKnownFileType = sourcecode.c.h; path = machine_type.h; sourceTree = "<group>"; };
		40FE8A3E23C57BD40092A5EA /* aacenc_lib.h */ = {isa = PBXFileReference; fileEncoding = 4; lastKnownFileType = sourcecode.c.h; path = aacenc_lib.h; sourceTree = "<group>"; };
		40FE8A3F23C57BD40092A5EA /* genericStds.h */ = {isa = PBXFileReference; fileEncoding = 4; lastKnownFileType = sourcecode.c.h; path = genericStds.h; sourceTree = "<group>"; };
		40FE8A4023C57BD40092A5EA /* FDK_audio.h */ = {isa = PBXFileReference; fileEncoding = 4; lastKnownFileType = sourcecode.c.h; path = FDK_audio.h; sourceTree = "<group>"; };
		40FE8A4223C57BD40092A5EA /* libfdk-aac.a */ = {isa = PBXFileReference; lastKnownFileType = archive.ar; path = "libfdk-aac.a"; sourceTree = "<group>"; };
		40FE8A4523C57BE20092A5EA /* x264_config.h */ = {isa = PBXFileReference; fileEncoding = 4; lastKnownFileType = sourcecode.c.h; path = x264_config.h; sourceTree = "<group>"; };
		40FE8A4623C57BE20092A5EA /* x264.h */ = {isa = PBXFileReference; fileEncoding = 4; lastKnownFileType = sourcecode.c.h; path = x264.h; sourceTree = "<group>"; };
		40FE8A4823C57BE20092A5EA /* libx264.a */ = {isa = PBXFileReference; lastKnownFileType = archive.ar; path = libx264.a; sourceTree = "<group>"; };
		9F7939B0D43155A1A4F41401 /* Pods-DTCamera.release.xcconfig */ = {isa = PBXFileReference; includeInIndex = 1; lastKnownFileType = text.xcconfig; name = "Pods-DTCamera.release.xcconfig"; path = "Target Support Files/Pods-DTCamera/Pods-DTCamera.release.xcconfig"; sourceTree = "<group>"; };
		D655EE740C51E94A97861F37 /* Pods-DTCamera.debug.xcconfig */ = {isa = PBXFileReference; includeInIndex = 1; lastKnownFileType = text.xcconfig; name = "Pods-DTCamera.debug.xcconfig"; path = "Target Support Files/Pods-DTCamera/Pods-DTCamera.debug.xcconfig"; sourceTree = "<group>"; };
		FB99C3FD79603ADA08F2CFE0 /* Pods_DTCamera.framework */ = {isa = PBXFileReference; explicitFileType = wrapper.framework; includeInIndex = 0; path = Pods_DTCamera.framework; sourceTree = BUILT_PRODUCTS_DIR; };
/* End PBXFileReference section */

/* Begin PBXFrameworksBuildPhase section */
		40E1B280232F29B300A67F11 /* Frameworks */ = {
			isa = PBXFrameworksBuildPhase;
			buildActionMask = 2147483647;
			files = (
				40FE8A3323C57BC80092A5EA /* libavfilter.a in Frameworks */,
				40937E5E239E317D00DE5E85 /* libiconv.tbd in Frameworks */,
				40FE8A4923C57BE20092A5EA /* libx264.a in Frameworks */,
				40FE8A3623C57BC80092A5EA /* libavformat.a in Frameworks */,
				40937E5C239E317500DE5E85 /* libbz2.tbd in Frameworks */,
				40937E5A239E316C00DE5E85 /* libz.tbd in Frameworks */,
				40FE8A3923C57BC80092A5EA /* libswscale.a in Frameworks */,
				40FE8A3523C57BC80092A5EA /* libpostproc.a in Frameworks */,
				4032F61A2399060F00FABC3C /* opencv2.framework in Frameworks */,
				40FE8A3423C57BC80092A5EA /* libavcodec.a in Frameworks */,
				40FE8A3223C57BC80092A5EA /* libavutil.a in Frameworks */,
				40FE8A3723C57BC80092A5EA /* libavdevice.a in Frameworks */,
				40FE8A4323C57BD40092A5EA /* libfdk-aac.a in Frameworks */,
				40FE8A3823C57BC80092A5EA /* libswresample.a in Frameworks */,
				C7A58C901B767F15132A7E7B /* Pods_DTCamera.framework in Frameworks */,
			);
			runOnlyForDeploymentPostprocessing = 0;
		};
/* End PBXFrameworksBuildPhase section */

/* Begin PBXGroup section */
		40146B4B2351B58E00F14513 /* Utils */ = {
			isa = PBXGroup;
			children = (
				40146B4C2351B5EC00F14513 /* DebugHelper.swift */,
			);
			path = Utils;
			sourceTree = "<group>";
		};
		4032F5962399060E00FABC3C /* OpenCV */ = {
			isa = PBXGroup;
			children = (
				4032F5972399060E00FABC3C /* opencv2.framework */,
			);
			path = OpenCV;
			sourceTree = "<group>";
		};
		4032F5982399060E00FABC3C /* FFmpeg */ = {
			isa = PBXGroup;
			children = (
				40FE89C823C57BC80092A5EA /* include */,
				40FE8A2923C57BC80092A5EA /* lib */,
			);
			path = FFmpeg;
			sourceTree = "<group>";
		};
		4032F6222399075700FABC3C /* FFmpeg */ = {
			isa = PBXGroup;
			children = (
				4032F6242399089F00FABC3C /* audio_encoder.h */,
				4032F6232399089F00FABC3C /* audio_encoder.cpp */,
				40B109F023A09644004198B4 /* audio_decoder.h */,
				40B109EF23A09644004198B4 /* audio_decoder.cpp */,
			);
			path = FFmpeg;
			sourceTree = "<group>";
		};
		404CE2FE235D8EAB00DBCFB3 /* ThirdParty */ = {
			isa = PBXGroup;
			children = (
				4032F5962399060E00FABC3C /* OpenCV */,
				4032F5982399060E00FABC3C /* FFmpeg */,
				40F34AB123C45A7400162865 /* FDK-AAC */,
				40F34ABC23C48DBA00162865 /* X264 */,
			);
			path = ThirdParty;
			sourceTree = "<group>";
		};
		404CE301235D8F6900DBCFB3 /* OpenCV */ = {
			isa = PBXGroup;
			children = (
				404CE303235D8F9D00DBCFB3 /* OpenCVWrapper.h */,
				404CE304235D8F9D00DBCFB3 /* OpenCVWrapper.mm */,
			);
			path = OpenCV;
			sourceTree = "<group>";
		};
		405FC95824AEE2AE00CF98FE /* Recorder */ = {
			isa = PBXGroup;
			children = (
				405FC95924AEE2AE00CF98FE /* AssetRecorder.swift */,
				405FC95A24AEE2AE00CF98FE /* AudioEngineRecorder.swift */,
				405FC95B24AEE2AE00CF98FE /* AudioUnitRecorder.swift */,
				405FC95C24AEE2AE00CF98FE /* AudioRecorder.swift */,
			);
			path = Recorder;
			sourceTree = "<group>";
		};
		406C011623596F3C00E01E70 /* Components */ = {
			isa = PBXGroup;
			children = (
				406C011423596E5100E01E70 /* PixelBufferTexture.swift */,
				406C0117235971AA00E01E70 /* RenderDestination.swift */,
			);
			path = Components;
			sourceTree = "<group>";
		};
		407843BC233DA927007B0CFE /* Preview */ = {
			isa = PBXGroup;
			children = (
				40E1B2CC232F87EE00A67F11 /* OpenGLPreviewView.swift */,
			);
			path = Preview;
			sourceTree = "<group>";
		};
		407843BD233DA933007B0CFE /* Encode */ = {
			isa = PBXGroup;
			children = (
				40FE69D92372609000F1D266 /* VideoEncoder.swift */,
				404178992384DC430078893D /* AudioEncoder.swift */,
			);
			path = Encode;
			sourceTree = "<group>";
		};
		407843BF233DAFE4007B0CFE /* OpenGL */ = {
			isa = PBXGroup;
			children = (
				407843C0233DB2C9007B0CFE /* ShaderProgram.swift */,
				40AE65CE233E10B60063C4D8 /* FilterVertex.glsl */,
				40AE65D0233E10DD0063C4D8 /* FilterFragment.glsl */,
				403EEFD123320561007CC795 /* DirectPassVertex.glsl */,
				403EEFD223320561007CC795 /* DirectPassFragment.glsl */,
				4063874923D19DF20033CB8A /* EmitterVertex.glsl */,
				4063874823D19DF20033CB8A /* EmitterFragment.glsl */,
			);
			path = OpenGL;
			sourceTree = "<group>";
		};
		407FF8B424A1FFC90092FD95 /* Encode */ = {
			isa = PBXGroup;
			children = (
				40937E61239F36E100DE5E85 /* AACEncoder.h */,
				40937E62239F36E100DE5E85 /* AACEncoder.mm */,
				40B109F223A0F7A7004198B4 /* AACDecoder.h */,
				40B109F323A0F7A7004198B4 /* AACDecoder.mm */,
			);
			path = Encode;
			sourceTree = "<group>";
		};
		408DB12A24A1D7C500A09AA5 /* iOS */ = {
			isa = PBXGroup;
			children = (
				40E1B29B232F2B2300A67F11 /* MediaViewController.swift */,
				408DB12D24A1DF4C00A09AA5 /* Recording */,
				40FA40022369984700738C47 /* Library */,
				408DB12C24A1D8B100A09AA5 /* Player */,
				40FA40052369991600738C47 /* PhotoBrowser */,
				40FA40062369994800738C47 /* PhotoEditor */,
				407843BD233DA933007B0CFE /* Encode */,
				405FC95824AEE2AE00CF98FE /* Recorder */,
			);
			path = iOS;
			sourceTree = "<group>";
		};
		408DB12B24A1D82000A09AA5 /* CrossPlatform */ = {
			isa = PBXGroup;
			children = (
				404CE2FE235D8EAB00DBCFB3 /* ThirdParty */,
				406C011623596F3C00E01E70 /* Components */,
				404CE301235D8F6900DBCFB3 /* OpenCV */,
				407843BF233DAFE4007B0CFE /* OpenGL */,
				4032F6222399075700FABC3C /* FFmpeg */,
				40E1B2C1232F2CBC00A67F11 /* Effect */,
				40FA40042369985800738C47 /* Capture */,
				407FF8B424A1FFC90092FD95 /* Encode */,
				407843BC233DA927007B0CFE /* Preview */,
				40E1B2C0232F2CB100A67F11 /* Live */,
			);
			path = CrossPlatform;
			sourceTree = "<group>";
		};
		408DB12C24A1D8B100A09AA5 /* Player */ = {
			isa = PBXGroup;
			children = (
				40F3E686237EABFE00D69336 /* AUGraphPlayer.swift */,
				405FC96124AF12EA00CF98FE /* AudioEnginePlayer.swift */,
				40E1B2A9232F2B2400A67F11 /* PlayerView.swift */,
				40E1B29E232F2B2300A67F11 /* PlayerViewController.swift */,
				40E1B2A8232F2B2400A67F11 /* PreviewVideoViewController.swift */,
			);
			path = Player;
			sourceTree = "<group>";
		};
		408DB12D24A1DF4C00A09AA5 /* Recording */ = {
			isa = PBXGroup;
			children = (
				408DB12E24A1E01A00A09AA5 /* CameraViewController.swift */,
				408DB12F24A1E01A00A09AA5 /* CameraPreviewView.swift */,
				40E1B2A0232F2B2300A67F11 /* RecordingControl.swift */,
				40E1B2C6232F618B00A67F11 /* CircleView.swift */,
				40E1B2C7232F618B00A67F11 /* CircleLayer.swift */,
			);
			path = Recording;
			sourceTree = "<group>";
		};
		40E1B27A232F29B300A67F11 = {
			isa = PBXGroup;
			children = (
				40E1B285232F29B300A67F11 /* DTCamera */,
				40E1B284232F29B300A67F11 /* Products */,
				6E105E79133862CB63F1A372 /* Pods */,
				A2F6F0AE71220D507D80307D /* Frameworks */,
			);
			sourceTree = "<group>";
		};
		40E1B284232F29B300A67F11 /* Products */ = {
			isa = PBXGroup;
			children = (
				40E1B283232F29B300A67F11 /* DTCamera.app */,
			);
			name = Products;
			sourceTree = "<group>";
		};
		40E1B285232F29B300A67F11 /* DTCamera */ = {
			isa = PBXGroup;
			children = (
				408DB12A24A1D7C500A09AA5 /* iOS */,
				408DB12B24A1D82000A09AA5 /* CrossPlatform */,
				40F3E688237EE56500D69336 /* Resources */,
				40146B4B2351B58E00F14513 /* Utils */,
				40E1B2C3232F3DE000A67F11 /* Extension */,
				404CE302235D8F9D00DBCFB3 /* DTCamera-Bridging-Header.h */,
				40E1B2CA232F7E5900A67F11 /* MediaCustomTheme.swift */,
				40E1B286232F29B300A67F11 /* AppDelegate.swift */,
				40307FF92390FF4800915B97 /* MenusViewController.swift */,
				40E1B28A232F29B300A67F11 /* Main.storyboard */,
				40E1B28D232F29B400A67F11 /* Assets.xcassets */,
				40E1B28F232F29B400A67F11 /* LaunchScreen.storyboard */,
				40E1B292232F29B400A67F11 /* Info.plist */,
			);
			path = DTCamera;
			sourceTree = "<group>";
		};
		40E1B2C0232F2CB100A67F11 /* Live */ = {
			isa = PBXGroup;
			children = (
				40A657F623A3931900F5662B /* LivePublisher.h */,
				40A657F723A3931900F5662B /* LivePublisher.mm */,
				40C0A69723C2DD5900C7AB62 /* platform_4_live_common.h */,
				40C0A69823C2DD5900C7AB62 /* platform_4_live_ffmpeg.h */,
				40A657F123A3663A00F5662B /* live_audio_packet_queue.h */,
				40A657F023A3663A00F5662B /* live_audio_packet_queue.cpp */,
				40C4289623A246E9004CB01F /* live_video_packet_queue.h */,
				40C4289523A246E9004CB01F /* live_video_packet_queue.cpp */,
				40C4289323A245BE004CB01F /* live_packet_pool.h */,
				40C4289223A245BE004CB01F /* live_packet_pool.cpp */,
				40181D6B23AB691D002B2397 /* live_audio_encoder.h */,
				40181D6A23AB691D002B2397 /* live_audio_encoder.cpp */,
				40181D6E23AB7ECE002B2397 /* live_audio_encoder_adapter.h */,
				40181D6D23AB7ECE002B2397 /* live_audio_encoder_adapter.cpp */,
				40E9ACCD23A7861B005A1D97 /* live_audio_packet_pool.h */,
				40E9ACCC23A7861B005A1D97 /* live_audio_packet_pool.cpp */,
				40E9ACD023A78FC0005A1D97 /* recording_publisher.h */,
				40E9ACCF23A78FBF005A1D97 /* recording_publisher.cpp */,
				40E9ACD323A8DA02005A1D97 /* recording_h264_publisher.h */,
				40E9ACD223A8DA02005A1D97 /* recording_h264_publisher.cpp */,
				40E9ACC723A76281005A1D97 /* live_thread.h */,
				40E9ACC623A76281005A1D97 /* live_thread.cpp */,
				40E9ACCA23A76EEE005A1D97 /* video_consumer_thread.h */,
				40E9ACC923A76EEE005A1D97 /* video_consumer_thread.cpp */,
			);
			path = Live;
			sourceTree = "<group>";
		};
		40E1B2C1232F2CBC00A67F11 /* Effect */ = {
			isa = PBXGroup;
			children = (
				407843B8233DA624007B0CFE /* EffectFilter.swift */,
				407843BA233DA8F9007B0CFE /* EffectOpenGLFilter.swift */,
				404CE2FA235D4C8B00DBCFB3 /* EffectCPUFilter.swift */,
				404CE2FC235D531800DBCFB3 /* EffectCIFilter.swift */,
				404CE306235D8FE900DBCFB3 /* EffectOpenCVFilter.swift */,
			);
			path = Effect;
			sourceTree = "<group>";
		};
		40E1B2C3232F3DE000A67F11 /* Extension */ = {
			isa = PBXGroup;
			children = (
				406516A7238B81DC00809389 /* FourCharCode+StringLiteralConvertible.swift */,
				40E1B2A5232F2B2400A67F11 /* UIImage+Editor.swift */,
				40E1B2C4232F3E1E00A67F11 /* UIColor+Extension.swift */,
				40E1B2CE232F90AB00A67F11 /* Array+Extension.swift */,
				4063874C23D1A8E10033CB8A /* GLKMatrix+Array.swift */,
			);
			path = Extension;
			sourceTree = "<group>";
		};
		40F34AB123C45A7400162865 /* FDK-AAC */ = {
			isa = PBXGroup;
			children = (
				40FE8A3A23C57BD40092A5EA /* include */,
				40FE8A4123C57BD40092A5EA /* lib */,
			);
			path = "FDK-AAC";
			sourceTree = "<group>";
		};
		40F34ABC23C48DBA00162865 /* X264 */ = {
			isa = PBXGroup;
			children = (
				40FE8A4423C57BE20092A5EA /* include */,
				40FE8A4723C57BE20092A5EA /* lib */,
			);
			path = X264;
			sourceTree = "<group>";
		};
		40F3E688237EE56500D69336 /* Resources */ = {
			isa = PBXGroup;
			children = (
				4009905824A2F70400A34B74 /* boat.mov */,
				4063874423D19D3D0033CB8A /* explosion.png */,
				4063874523D19D3D0033CB8A /* flower.png */,
				4063873D23D03A330033CB8A /* walk01.png */,
				4063873B23D03A330033CB8A /* walk02.png */,
				4063873C23D03A330033CB8A /* walk03.png */,
				4063873A23D03A320033CB8A /* walk04.png */,
				4063871C23CDA59A0033CB8A /* logo.png */,
				40307FF52390D1BE00915B97 /* DrumsMonoSTP.aif */,
				40307FF62390D1BE00915B97 /* GuitarMonoSTP.aif */,
				404178972382A92E0078893D /* faded.mp3 */,
			);
			path = Resources;
			sourceTree = "<group>";
		};
		40FA40022369984700738C47 /* Library */ = {
			isa = PBXGroup;
			children = (
				40E1B2A6232F2B2400A67F11 /* PhotoLibraryViewController.swift */,
				40E1B29D232F2B2300A67F11 /* LibraryPhotoCell.swift */,
				40E1B2A4232F2B2400A67F11 /* LibraryVideoCell.swift */,
				40E1B2AA232F2B2400A67F11 /* LibraryAlbumCell.swift */,
			);
			path = Library;
			sourceTree = "<group>";
		};
		40FA40042369985800738C47 /* Capture */ = {
			isa = PBXGroup;
			children = (
				4048C51C24B5C3A80083FD3A /* RecordingViewController.swift */,
				4048C51D24B5C3A80083FD3A /* RecordingPipeline.swift */,
				40FA40002369983200738C47 /* LivingViewController.swift */,
				40FA3FFC2369916B00738C47 /* LivingPipeline.swift */,
			);
			path = Capture;
			sourceTree = "<group>";
		};
		40FA40052369991600738C47 /* PhotoBrowser */ = {
			isa = PBXGroup;
			children = (
				40E1B29F232F2B2300A67F11 /* PreviewPhotosViewController.swift */,
				40E1B2A2232F2B2400A67F11 /* PreviewPhotoViewController.swift */,
				40E1B2A1232F2B2300A67F11 /* PhotoThumbnailCell.swift */,
			);
			path = PhotoBrowser;
			sourceTree = "<group>";
		};
		40FA40062369994800738C47 /* PhotoEditor */ = {
			isa = PBXGroup;
			children = (
				40E1B298232F2B2300A67F11 /* PhotoEditorViewController.swift */,
				40E1B2A3232F2B2400A67F11 /* PhotoEditorResizeView.swift */,
				40E1B29C232F2B2300A67F11 /* PhotoEditorFrameView.swift */,
				40E1B29A232F2B2300A67F11 /* PhotoEditorMaskView.swift */,
			);
			path = PhotoEditor;
			sourceTree = "<group>";
		};
		40FE89C823C57BC80092A5EA /* include */ = {
			isa = PBXGroup;
			children = (
				40FE89C923C57BC80092A5EA /* libpostproc */,
				40FE89CC23C57BC80092A5EA /* libavfilter */,
				40FE89D423C57BC80092A5EA /* libavutil */,
				40FE8A1123C57BC80092A5EA /* libavdevice */,
				40FE8A1423C57BC80092A5EA /* libavformat */,
				40FE8A1823C57BC80092A5EA /* libswscale */,
				40FE8A1B23C57BC80092A5EA /* libavcodec */,
				40FE8A2623C57BC80092A5EA /* libswresample */,
			);
			path = include;
			sourceTree = "<group>";
		};
		40FE89C923C57BC80092A5EA /* libpostproc */ = {
			isa = PBXGroup;
			children = (
				40FE89CA23C57BC80092A5EA /* version.h */,
				40FE89CB23C57BC80092A5EA /* postprocess.h */,
			);
			path = libpostproc;
			sourceTree = "<group>";
		};
		40FE89CC23C57BC80092A5EA /* libavfilter */ = {
			isa = PBXGroup;
			children = (
				40FE89CD23C57BC80092A5EA /* avcodec.h */,
				40FE89CE23C57BC80092A5EA /* version.h */,
				40FE89CF23C57BC80092A5EA /* buffersrc.h */,
				40FE89D023C57BC80092A5EA /* asrc_abuffer.h */,
				40FE89D123C57BC80092A5EA /* buffersink.h */,
				40FE89D223C57BC80092A5EA /* avfilter.h */,
				40FE89D323C57BC80092A5EA /* avfiltergraph.h */,
			);
			path = libavfilter;
			sourceTree = "<group>";
		};
		40FE89D423C57BC80092A5EA /* libavutil */ = {
			isa = PBXGroup;
			children = (
				40FE89D523C57BC80092A5EA /* time.h */,
				40FE89D623C57BC80092A5EA /* intfloat.h */,
				40FE89D723C57BC80092A5EA /* error.h */,
				40FE89D823C57BC80092A5EA /* fifo.h */,
				40FE89D923C57BC80092A5EA /* blowfish.h */,
				40FE89DA23C57BC80092A5EA /* replaygain.h */,
				40FE89DB23C57BC80092A5EA /* version.h */,
				40FE89DC23C57BC80092A5EA /* murmur3.h */,
				40FE89DD23C57BC80092A5EA /* stereo3d.h */,
				40FE89DE23C57BC80092A5EA /* samplefmt.h */,
				40FE89DF23C57BC80092A5EA /* pixdesc.h */,
				40FE89E023C57BC80092A5EA /* base64.h */,
				40FE89E123C57BC80092A5EA /* rational.h */,
				40FE89E223C57BC80092A5EA /* sha.h */,
				40FE89E323C57BC80092A5EA /* avconfig.h */,
				40FE89E423C57BC80092A5EA /* lfg.h */,
				40FE89E523C57BC80092A5EA /* avutil.h */,
				40FE89E623C57BC80092A5EA /* intfloat_readwrite.h */,
				40FE89E723C57BC80092A5EA /* xtea.h */,
				40FE89E823C57BC80092A5EA /* crc.h */,
				40FE89E923C57BC80092A5EA /* frame.h */,
				40FE89EA23C57BC80092A5EA /* file.h */,
				40FE89EB23C57BC80092A5EA /* md5.h */,
				40FE89EC23C57BC80092A5EA /* ffversion.h */,
				40FE89ED23C57BC80092A5EA /* audio_fifo.h */,
				40FE89EE23C57BC80092A5EA /* threadmessage.h */,
				40FE89EF23C57BC80092A5EA /* attributes.h */,
				40FE89F023C57BC80092A5EA /* adler32.h */,
				40FE89F123C57BC80092A5EA /* timecode.h */,
				40FE89F223C57BC80092A5EA /* sha512.h */,
				40FE89F323C57BC80092A5EA /* display.h */,
				40FE89F423C57BC80092A5EA /* buffer.h */,
				40FE89F523C57BC80092A5EA /* common.h */,
				40FE89F623C57BC80092A5EA /* hmac.h */,
				40FE89F723C57BC80092A5EA /* eval.h */,
				40FE89F823C57BC80092A5EA /* dict.h */,
				40FE89F923C57BC80092A5EA /* random_seed.h */,
				40FE89FA23C57BC80092A5EA /* opt.h */,
				40FE89FB23C57BC80092A5EA /* log.h */,
				40FE89FC23C57BC80092A5EA /* aes.h */,
				40FE89FD23C57BC80092A5EA /* macros.h */,
				40FE89FE23C57BC80092A5EA /* bswap.h */,
				40FE89FF23C57BC80092A5EA /* old_pix_fmts.h */,
				40FE8A0023C57BC80092A5EA /* cpu.h */,
				40FE8A0123C57BC80092A5EA /* audioconvert.h */,
				40FE8A0223C57BC80092A5EA /* lzo.h */,
				40FE8A0323C57BC80092A5EA /* channel_layout.h */,
				40FE8A0423C57BC80092A5EA /* imgutils.h */,
				40FE8A0523C57BC80092A5EA /* mem.h */,
				40FE8A0623C57BC80092A5EA /* parseutils.h */,
				40FE8A0723C57BC80092A5EA /* ripemd.h */,
				40FE8A0823C57BC80092A5EA /* bprint.h */,
				40FE8A0923C57BC80092A5EA /* pixfmt.h */,
				40FE8A0A23C57BC80092A5EA /* timestamp.h */,
				40FE8A0B23C57BC80092A5EA /* downmix_info.h */,
				40FE8A0C23C57BC80092A5EA /* avassert.h */,
				40FE8A0D23C57BC80092A5EA /* hash.h */,
				40FE8A0E23C57BC80092A5EA /* mathematics.h */,
				40FE8A0F23C57BC80092A5EA /* intreadwrite.h */,
				40FE8A1023C57BC80092A5EA /* avstring.h */,
			);
			path = libavutil;
			sourceTree = "<group>";
		};
		40FE8A1123C57BC80092A5EA /* libavdevice */ = {
			isa = PBXGroup;
			children = (
				40FE8A1223C57BC80092A5EA /* version.h */,
				40FE8A1323C57BC80092A5EA /* avdevice.h */,
			);
			path = libavdevice;
			sourceTree = "<group>";
		};
		40FE8A1423C57BC80092A5EA /* libavformat */ = {
			isa = PBXGroup;
			children = (
				40FE8A1523C57BC80092A5EA /* version.h */,
				40FE8A1623C57BC80092A5EA /* avio.h */,
				40FE8A1723C57BC80092A5EA /* avformat.h */,
			);
			path = libavformat;
			sourceTree = "<group>";
		};
		40FE8A1823C57BC80092A5EA /* libswscale */ = {
			isa = PBXGroup;
			children = (
				40FE8A1923C57BC80092A5EA /* version.h */,
				40FE8A1A23C57BC80092A5EA /* swscale.h */,
			);
			path = libswscale;
			sourceTree = "<group>";
		};
		40FE8A1B23C57BC80092A5EA /* libavcodec */ = {
			isa = PBXGroup;
			children = (
				40FE8A1C23C57BC80092A5EA /* avcodec.h */,
				40FE8A1D23C57BC80092A5EA /* version.h */,
				40FE8A1E23C57BC80092A5EA /* vdpau.h */,
				40FE8A1F23C57BC80092A5EA /* vaapi.h */,
				40FE8A2023C57BC80092A5EA /* xvmc.h */,
				40FE8A2123C57BC80092A5EA /* avfft.h */,
				40FE8A2223C57BC80092A5EA /* vda.h */,
				40FE8A2323C57BC80092A5EA /* dxva2.h */,
				40FE8A2423C57BC80092A5EA /* dv_profile.h */,
				40FE8A2523C57BC80092A5EA /* old_codec_ids.h */,
			);
			path = libavcodec;
			sourceTree = "<group>";
		};
		40FE8A2623C57BC80092A5EA /* libswresample */ = {
			isa = PBXGroup;
			children = (
				40FE8A2723C57BC80092A5EA /* version.h */,
				40FE8A2823C57BC80092A5EA /* swresample.h */,
			);
			path = libswresample;
			sourceTree = "<group>";
		};
		40FE8A2923C57BC80092A5EA /* lib */ = {
			isa = PBXGroup;
			children = (
				40FE8A2A23C57BC80092A5EA /* libavutil.a */,
				40FE8A2B23C57BC80092A5EA /* libavfilter.a */,
				40FE8A2C23C57BC80092A5EA /* libavcodec.a */,
				40FE8A2D23C57BC80092A5EA /* libpostproc.a */,
				40FE8A2E23C57BC80092A5EA /* libavformat.a */,
				40FE8A2F23C57BC80092A5EA /* libavdevice.a */,
				40FE8A3023C57BC80092A5EA /* libswresample.a */,
				40FE8A3123C57BC80092A5EA /* libswscale.a */,
			);
			path = lib;
			sourceTree = "<group>";
		};
		40FE8A3A23C57BD40092A5EA /* include */ = {
			isa = PBXGroup;
			children = (
				40FE8A3B23C57BD40092A5EA /* fdk-aac */,
			);
			path = include;
			sourceTree = "<group>";
		};
		40FE8A3B23C57BD40092A5EA /* fdk-aac */ = {
			isa = PBXGroup;
			children = (
				40FE8A3C23C57BD40092A5EA /* aacdecoder_lib.h */,
				40FE8A3D23C57BD40092A5EA /* machine_type.h */,
				40FE8A3E23C57BD40092A5EA /* aacenc_lib.h */,
				40FE8A3F23C57BD40092A5EA /* genericStds.h */,
				40FE8A4023C57BD40092A5EA /* FDK_audio.h */,
			);
			path = "fdk-aac";
			sourceTree = "<group>";
		};
		40FE8A4123C57BD40092A5EA /* lib */ = {
			isa = PBXGroup;
			children = (
				40FE8A4223C57BD40092A5EA /* libfdk-aac.a */,
			);
			path = lib;
			sourceTree = "<group>";
		};
		40FE8A4423C57BE20092A5EA /* include */ = {
			isa = PBXGroup;
			children = (
				40FE8A4523C57BE20092A5EA /* x264_config.h */,
				40FE8A4623C57BE20092A5EA /* x264.h */,
			);
			path = include;
			sourceTree = "<group>";
		};
		40FE8A4723C57BE20092A5EA /* lib */ = {
			isa = PBXGroup;
			children = (
				40FE8A4823C57BE20092A5EA /* libx264.a */,
			);
			path = lib;
			sourceTree = "<group>";
		};
		6E105E79133862CB63F1A372 /* Pods */ = {
			isa = PBXGroup;
			children = (
				D655EE740C51E94A97861F37 /* Pods-DTCamera.debug.xcconfig */,
				9F7939B0D43155A1A4F41401 /* Pods-DTCamera.release.xcconfig */,
			);
			path = Pods;
			sourceTree = "<group>";
		};
		A2F6F0AE71220D507D80307D /* Frameworks */ = {
			isa = PBXGroup;
			children = (
				40937E5D239E317C00DE5E85 /* libiconv.tbd */,
				40937E5B239E317500DE5E85 /* libbz2.tbd */,
				40937E59239E316C00DE5E85 /* libz.tbd */,
				FB99C3FD79603ADA08F2CFE0 /* Pods_DTCamera.framework */,
			);
			name = Frameworks;
			sourceTree = "<group>";
		};
/* End PBXGroup section */

/* Begin PBXNativeTarget section */
		40E1B282232F29B300A67F11 /* DTCamera */ = {
			isa = PBXNativeTarget;
			buildConfigurationList = 40E1B295232F29B400A67F11 /* Build configuration list for PBXNativeTarget "DTCamera" */;
			buildPhases = (
				F789EB26CDD42C73765EDA9D /* [CP] Check Pods Manifest.lock */,
				40E1B27F232F29B300A67F11 /* Sources */,
				40E1B280232F29B300A67F11 /* Frameworks */,
				40E1B281232F29B300A67F11 /* Resources */,
				80E8219681B970DD2C85CE2E /* [CP] Embed Pods Frameworks */,
			);
			buildRules = (
			);
			dependencies = (
			);
			name = DTCamera;
			productName = DTCamera;
			productReference = 40E1B283232F29B300A67F11 /* DTCamera.app */;
			productType = "com.apple.product-type.application";
		};
/* End PBXNativeTarget section */

/* Begin PBXProject section */
		40E1B27B232F29B300A67F11 /* Project object */ = {
			isa = PBXProject;
			attributes = {
				LastSwiftUpdateCheck = 1030;
				LastUpgradeCheck = 1030;
				ORGANIZATIONNAME = "Dan Thought Studio";
				TargetAttributes = {
					40E1B282232F29B300A67F11 = {
						CreatedOnToolsVersion = 10.3;
						LastSwiftMigration = 1110;
					};
				};
			};
			buildConfigurationList = 40E1B27E232F29B300A67F11 /* Build configuration list for PBXProject "DTCamera" */;
			compatibilityVersion = "Xcode 9.3";
			developmentRegion = en;
			hasScannedForEncodings = 0;
			knownRegions = (
				en,
				Base,
			);
			mainGroup = 40E1B27A232F29B300A67F11;
			productRefGroup = 40E1B284232F29B300A67F11 /* Products */;
			projectDirPath = "";
			projectRoot = "";
			targets = (
				40E1B282232F29B300A67F11 /* DTCamera */,
			);
		};
/* End PBXProject section */

/* Begin PBXResourcesBuildPhase section */
		40E1B281232F29B300A67F11 /* Resources */ = {
			isa = PBXResourcesBuildPhase;
			buildActionMask = 2147483647;
			files = (
				4063873E23D03A330033CB8A /* walk04.png in Resources */,
				4063874623D19D3D0033CB8A /* explosion.png in Resources */,
				40E1B291232F29B400A67F11 /* LaunchScreen.storyboard in Resources */,
				40AE65CF233E10B60063C4D8 /* FilterVertex.glsl in Resources */,
				4063874A23D19DF30033CB8A /* EmitterFragment.glsl in Resources */,
				4063874723D19D3D0033CB8A /* flower.png in Resources */,
				4009905924A2F70400A34B74 /* boat.mov in Resources */,
				4063871D23CDA59A0033CB8A /* logo.png in Resources */,
				4063874023D03A330033CB8A /* walk03.png in Resources */,
				403EEFD323320561007CC795 /* DirectPassVertex.glsl in Resources */,
				40307FF72390D1BE00915B97 /* DrumsMonoSTP.aif in Resources */,
				4063873F23D03A330033CB8A /* walk02.png in Resources */,
				404178982382A92E0078893D /* faded.mp3 in Resources */,
				40E1B28E232F29B400A67F11 /* Assets.xcassets in Resources */,
				4063874123D03A330033CB8A /* walk01.png in Resources */,
				4063874B23D19DF30033CB8A /* EmitterVertex.glsl in Resources */,
				40E1B28C232F29B300A67F11 /* Main.storyboard in Resources */,
				40AE65D1233E10DD0063C4D8 /* FilterFragment.glsl in Resources */,
				403EEFD423320561007CC795 /* DirectPassFragment.glsl in Resources */,
				40307FF82390D1BE00915B97 /* GuitarMonoSTP.aif in Resources */,
			);
			runOnlyForDeploymentPostprocessing = 0;
		};
/* End PBXResourcesBuildPhase section */

/* Begin PBXShellScriptBuildPhase section */
		80E8219681B970DD2C85CE2E /* [CP] Embed Pods Frameworks */ = {
			isa = PBXShellScriptBuildPhase;
			buildActionMask = 2147483647;
			files = (
			);
			inputFileListPaths = (
				"${PODS_ROOT}/Target Support Files/Pods-DTCamera/Pods-DTCamera-frameworks-${CONFIGURATION}-input-files.xcfilelist",
			);
			name = "[CP] Embed Pods Frameworks";
			outputFileListPaths = (
				"${PODS_ROOT}/Target Support Files/Pods-DTCamera/Pods-DTCamera-frameworks-${CONFIGURATION}-output-files.xcfilelist",
			);
			runOnlyForDeploymentPostprocessing = 0;
			shellPath = /bin/sh;
			shellScript = "\"${PODS_ROOT}/Target Support Files/Pods-DTCamera/Pods-DTCamera-frameworks.sh\"\n";
			showEnvVarsInLog = 0;
		};
		F789EB26CDD42C73765EDA9D /* [CP] Check Pods Manifest.lock */ = {
			isa = PBXShellScriptBuildPhase;
			buildActionMask = 2147483647;
			files = (
			);
			inputFileListPaths = (
			);
			inputPaths = (
				"${PODS_PODFILE_DIR_PATH}/Podfile.lock",
				"${PODS_ROOT}/Manifest.lock",
			);
			name = "[CP] Check Pods Manifest.lock";
			outputFileListPaths = (
			);
			outputPaths = (
				"$(DERIVED_FILE_DIR)/Pods-DTCamera-checkManifestLockResult.txt",
			);
			runOnlyForDeploymentPostprocessing = 0;
			shellPath = /bin/sh;
			shellScript = "diff \"${PODS_PODFILE_DIR_PATH}/Podfile.lock\" \"${PODS_ROOT}/Manifest.lock\" > /dev/null\nif [ $? != 0 ] ; then\n    # print error to STDERR\n    echo \"error: The sandbox is not in sync with the Podfile.lock. Run 'pod install' or update your CocoaPods installation.\" >&2\n    exit 1\nfi\n# This output is used by Xcode 'outputs' to avoid re-running this script phase.\necho \"SUCCESS\" > \"${SCRIPT_OUTPUT_FILE_0}\"\n";
			showEnvVarsInLog = 0;
		};
/* End PBXShellScriptBuildPhase section */

/* Begin PBXSourcesBuildPhase section */
		40E1B27F232F29B300A67F11 /* Sources */ = {
			isa = PBXSourcesBuildPhase;
			buildActionMask = 2147483647;
			files = (
				40E9ACD423A8DA02005A1D97 /* recording_h264_publisher.cpp in Sources */,
				406C011523596E5100E01E70 /* PixelBufferTexture.swift in Sources */,
				40E1B2B2232F2B2400A67F11 /* PreviewPhotosViewController.swift in Sources */,
				407843C1233DB2C9007B0CFE /* ShaderProgram.swift in Sources */,
				40181D6F23AB7ECE002B2397 /* live_audio_encoder_adapter.cpp in Sources */,
				40E1B2B3232F2B2400A67F11 /* RecordingControl.swift in Sources */,
				40937E63239F36E100DE5E85 /* AACEncoder.mm in Sources */,
				405FC95E24AEE2AE00CF98FE /* AudioEngineRecorder.swift in Sources */,
				40E1B2B8232F2B2400A67F11 /* UIImage+Editor.swift in Sources */,
				40E1B2C5232F3E1E00A67F11 /* UIColor+Extension.swift in Sources */,
				407843BB233DA8F9007B0CFE /* EffectOpenGLFilter.swift in Sources */,
				40E1B2BC232F2B2400A67F11 /* PlayerView.swift in Sources */,
				40FA40012369983200738C47 /* LivingViewController.swift in Sources */,
				405FC95D24AEE2AE00CF98FE /* AssetRecorder.swift in Sources */,
				405FC95F24AEE2AE00CF98FE /* AudioUnitRecorder.swift in Sources */,
				40E1B2B0232F2B2400A67F11 /* LibraryPhotoCell.swift in Sources */,
				40B109F423A0F7A7004198B4 /* AACDecoder.mm in Sources */,
				40146B4D2351B5EC00F14513 /* DebugHelper.swift in Sources */,
				40E1B2AF232F2B2400A67F11 /* PhotoEditorFrameView.swift in Sources */,
				40E1B2C8232F618B00A67F11 /* CircleView.swift in Sources */,
				404CE307235D8FE900DBCFB3 /* EffectOpenCVFilter.swift in Sources */,
				40A657F223A3663A00F5662B /* live_audio_packet_queue.cpp in Sources */,
				40C4289723A246E9004CB01F /* live_video_packet_queue.cpp in Sources */,
				40307FFA2390FF4800915B97 /* MenusViewController.swift in Sources */,
				40E1B2CD232F87EE00A67F11 /* OpenGLPreviewView.swift in Sources */,
				404CE2FB235D4C8B00DBCFB3 /* EffectCPUFilter.swift in Sources */,
				404CE305235D8F9D00DBCFB3 /* OpenCVWrapper.mm in Sources */,
				408DB13124A1E01A00A09AA5 /* CameraPreviewView.swift in Sources */,
				40E9ACD123A78FC0005A1D97 /* recording_publisher.cpp in Sources */,
				40F3E687237EABFE00D69336 /* AUGraphPlayer.swift in Sources */,
				406516A8238B81DC00809389 /* FourCharCode+StringLiteralConvertible.swift in Sources */,
				40E9ACCB23A76EEE005A1D97 /* video_consumer_thread.cpp in Sources */,
				40E1B2B7232F2B2400A67F11 /* LibraryVideoCell.swift in Sources */,
				4032F6252399089F00FABC3C /* audio_encoder.cpp in Sources */,
				40E1B2B9232F2B2400A67F11 /* PhotoLibraryViewController.swift in Sources */,
				40E1B2AE232F2B2400A67F11 /* MediaViewController.swift in Sources */,
				405FC96024AEE2AE00CF98FE /* AudioRecorder.swift in Sources */,
				40E1B2CB232F7E5900A67F11 /* MediaCustomTheme.swift in Sources */,
				40181D6C23AB691D002B2397 /* live_audio_encoder.cpp in Sources */,
				405FC96224AF12EA00CF98FE /* AudioEnginePlayer.swift in Sources */,
				40E9ACCE23A7861B005A1D97 /* live_audio_packet_pool.cpp in Sources */,
				4048C51E24B5C3A80083FD3A /* RecordingViewController.swift in Sources */,
				40E1B2B1232F2B2400A67F11 /* PlayerViewController.swift in Sources */,
				40A657F823A3931900F5662B /* LivePublisher.mm in Sources */,
				40E1B2B5232F2B2400A67F11 /* PreviewPhotoViewController.swift in Sources */,
				40E1B2AD232F2B2400A67F11 /* PhotoEditorMaskView.swift in Sources */,
				40E1B2BD232F2B2400A67F11 /* LibraryAlbumCell.swift in Sources */,
				4063874D23D1A8E10033CB8A /* GLKMatrix+Array.swift in Sources */,
				40E1B2BB232F2B2400A67F11 /* PreviewVideoViewController.swift in Sources */,
				4048C51F24B5C3A80083FD3A /* RecordingPipeline.swift in Sources */,
				40E1B2B4232F2B2400A67F11 /* PhotoThumbnailCell.swift in Sources */,
				40E1B2CF232F90AB00A67F11 /* Array+Extension.swift in Sources */,
				404CE2FD235D531800DBCFB3 /* EffectCIFilter.swift in Sources */,
				40E9ACC823A76281005A1D97 /* live_thread.cpp in Sources */,
				40E1B2C9232F618B00A67F11 /* CircleLayer.swift in Sources */,
				40B109F123A09644004198B4 /* audio_decoder.cpp in Sources */,
				406C0118235971AA00E01E70 /* RenderDestination.swift in Sources */,
				40E1B287232F29B300A67F11 /* AppDelegate.swift in Sources */,
				408DB13024A1E01A00A09AA5 /* CameraViewController.swift in Sources */,
				40E1B2B6232F2B2400A67F11 /* PhotoEditorResizeView.swift in Sources */,
				40FA3FFD2369916B00738C47 /* LivingPipeline.swift in Sources */,
				40E1B2AB232F2B2400A67F11 /* PhotoEditorViewController.swift in Sources */,
				40C4289423A245BE004CB01F /* live_packet_pool.cpp in Sources */,
				407843B9233DA624007B0CFE /* EffectFilter.swift in Sources */,
				40FE69DA2372609000F1D266 /* VideoEncoder.swift in Sources */,
				4041789A2384DC430078893D /* AudioEncoder.swift in Sources */,
			);
			runOnlyForDeploymentPostprocessing = 0;
		};
/* End PBXSourcesBuildPhase section */

/* Begin PBXVariantGroup section */
		40E1B28A232F29B300A67F11 /* Main.storyboard */ = {
			isa = PBXVariantGroup;
			children = (
				40E1B28B232F29B300A67F11 /* Base */,
			);
			name = Main.storyboard;
			sourceTree = "<group>";
		};
		40E1B28F232F29B400A67F11 /* LaunchScreen.storyboard */ = {
			isa = PBXVariantGroup;
			children = (
				40E1B290232F29B400A67F11 /* Base */,
			);
			name = LaunchScreen.storyboard;
			sourceTree = "<group>";
		};
/* End PBXVariantGroup section */

/* Begin XCBuildConfiguration section */
		40E1B293232F29B400A67F11 /* Debug */ = {
			isa = XCBuildConfiguration;
			buildSettings = {
				ALWAYS_SEARCH_USER_PATHS = NO;
				CLANG_ANALYZER_NONNULL = YES;
				CLANG_ANALYZER_NUMBER_OBJECT_CONVERSION = YES_AGGRESSIVE;
				CLANG_CXX_LANGUAGE_STANDARD = "gnu++14";
				CLANG_CXX_LIBRARY = "libc++";
				CLANG_ENABLE_MODULES = YES;
				CLANG_ENABLE_OBJC_ARC = YES;
				CLANG_ENABLE_OBJC_WEAK = YES;
				CLANG_WARN_BLOCK_CAPTURE_AUTORELEASING = YES;
				CLANG_WARN_BOOL_CONVERSION = YES;
				CLANG_WARN_COMMA = YES;
				CLANG_WARN_CONSTANT_CONVERSION = YES;
				CLANG_WARN_DEPRECATED_OBJC_IMPLEMENTATIONS = YES;
				CLANG_WARN_DIRECT_OBJC_ISA_USAGE = YES_ERROR;
				CLANG_WARN_DOCUMENTATION_COMMENTS = YES;
				CLANG_WARN_EMPTY_BODY = YES;
				CLANG_WARN_ENUM_CONVERSION = YES;
				CLANG_WARN_INFINITE_RECURSION = YES;
				CLANG_WARN_INT_CONVERSION = YES;
				CLANG_WARN_NON_LITERAL_NULL_CONVERSION = YES;
				CLANG_WARN_OBJC_IMPLICIT_RETAIN_SELF = YES;
				CLANG_WARN_OBJC_LITERAL_CONVERSION = YES;
				CLANG_WARN_OBJC_ROOT_CLASS = YES_ERROR;
				CLANG_WARN_RANGE_LOOP_ANALYSIS = YES;
				CLANG_WARN_STRICT_PROTOTYPES = YES;
				CLANG_WARN_SUSPICIOUS_MOVE = YES;
				CLANG_WARN_UNGUARDED_AVAILABILITY = YES_AGGRESSIVE;
				CLANG_WARN_UNREACHABLE_CODE = YES;
				CLANG_WARN__DUPLICATE_METHOD_MATCH = YES;
				CODE_SIGN_IDENTITY = "iPhone Developer";
				COPY_PHASE_STRIP = NO;
				DEBUG_INFORMATION_FORMAT = dwarf;
				ENABLE_STRICT_OBJC_MSGSEND = YES;
				ENABLE_TESTABILITY = YES;
				GCC_C_LANGUAGE_STANDARD = gnu11;
				GCC_DYNAMIC_NO_PIC = NO;
				GCC_NO_COMMON_BLOCKS = YES;
				GCC_OPTIMIZATION_LEVEL = 0;
				GCC_PREPROCESSOR_DEFINITIONS = (
					"DEBUG=1",
					"$(inherited)",
				);
				GCC_WARN_64_TO_32_BIT_CONVERSION = YES;
				GCC_WARN_ABOUT_RETURN_TYPE = YES_ERROR;
				GCC_WARN_UNDECLARED_SELECTOR = YES;
				GCC_WARN_UNINITIALIZED_AUTOS = YES_AGGRESSIVE;
				GCC_WARN_UNUSED_FUNCTION = YES;
				GCC_WARN_UNUSED_VARIABLE = YES;
				IPHONEOS_DEPLOYMENT_TARGET = 9.0;
				MTL_ENABLE_DEBUG_INFO = INCLUDE_SOURCE;
				MTL_FAST_MATH = YES;
				ONLY_ACTIVE_ARCH = YES;
				SDKROOT = iphoneos;
				SWIFT_ACTIVE_COMPILATION_CONDITIONS = DEBUG;
				SWIFT_OPTIMIZATION_LEVEL = "-Onone";
			};
			name = Debug;
		};
		40E1B294232F29B400A67F11 /* Release */ = {
			isa = XCBuildConfiguration;
			buildSettings = {
				ALWAYS_SEARCH_USER_PATHS = NO;
				CLANG_ANALYZER_NONNULL = YES;
				CLANG_ANALYZER_NUMBER_OBJECT_CONVERSION = YES_AGGRESSIVE;
				CLANG_CXX_LANGUAGE_STANDARD = "gnu++14";
				CLANG_CXX_LIBRARY = "libc++";
				CLANG_ENABLE_MODULES = YES;
				CLANG_ENABLE_OBJC_ARC = YES;
				CLANG_ENABLE_OBJC_WEAK = YES;
				CLANG_WARN_BLOCK_CAPTURE_AUTORELEASING = YES;
				CLANG_WARN_BOOL_CONVERSION = YES;
				CLANG_WARN_COMMA = YES;
				CLANG_WARN_CONSTANT_CONVERSION = YES;
				CLANG_WARN_DEPRECATED_OBJC_IMPLEMENTATIONS = YES;
				CLANG_WARN_DIRECT_OBJC_ISA_USAGE = YES_ERROR;
				CLANG_WARN_DOCUMENTATION_COMMENTS = YES;
				CLANG_WARN_EMPTY_BODY = YES;
				CLANG_WARN_ENUM_CONVERSION = YES;
				CLANG_WARN_INFINITE_RECURSION = YES;
				CLANG_WARN_INT_CONVERSION = YES;
				CLANG_WARN_NON_LITERAL_NULL_CONVERSION = YES;
				CLANG_WARN_OBJC_IMPLICIT_RETAIN_SELF = YES;
				CLANG_WARN_OBJC_LITERAL_CONVERSION = YES;
				CLANG_WARN_OBJC_ROOT_CLASS = YES_ERROR;
				CLANG_WARN_RANGE_LOOP_ANALYSIS = YES;
				CLANG_WARN_STRICT_PROTOTYPES = YES;
				CLANG_WARN_SUSPICIOUS_MOVE = YES;
				CLANG_WARN_UNGUARDED_AVAILABILITY = YES_AGGRESSIVE;
				CLANG_WARN_UNREACHABLE_CODE = YES;
				CLANG_WARN__DUPLICATE_METHOD_MATCH = YES;
				CODE_SIGN_IDENTITY = "iPhone Developer";
				COPY_PHASE_STRIP = NO;
				DEBUG_INFORMATION_FORMAT = "dwarf-with-dsym";
				ENABLE_NS_ASSERTIONS = NO;
				ENABLE_STRICT_OBJC_MSGSEND = YES;
				GCC_C_LANGUAGE_STANDARD = gnu11;
				GCC_NO_COMMON_BLOCKS = YES;
				GCC_WARN_64_TO_32_BIT_CONVERSION = YES;
				GCC_WARN_ABOUT_RETURN_TYPE = YES_ERROR;
				GCC_WARN_UNDECLARED_SELECTOR = YES;
				GCC_WARN_UNINITIALIZED_AUTOS = YES_AGGRESSIVE;
				GCC_WARN_UNUSED_FUNCTION = YES;
				GCC_WARN_UNUSED_VARIABLE = YES;
				IPHONEOS_DEPLOYMENT_TARGET = 9.0;
				MTL_ENABLE_DEBUG_INFO = NO;
				MTL_FAST_MATH = YES;
				SDKROOT = iphoneos;
				SWIFT_COMPILATION_MODE = wholemodule;
				SWIFT_OPTIMIZATION_LEVEL = "-O";
				VALIDATE_PRODUCT = YES;
			};
			name = Release;
		};
		40E1B296232F29B400A67F11 /* Debug */ = {
			isa = XCBuildConfiguration;
			baseConfigurationReference = D655EE740C51E94A97861F37 /* Pods-DTCamera.debug.xcconfig */;
			buildSettings = {
				ASSETCATALOG_COMPILER_APPICON_NAME = AppIcon;
				CLANG_CXX_LANGUAGE_STANDARD = "gnu++0x";
				CLANG_CXX_LIBRARY = "libc++";
				CLANG_ENABLE_MODULES = YES;
				CODE_SIGN_STYLE = Automatic;
				DEVELOPMENT_TEAM = SLM6SZ8JH3;
				ENABLE_BITCODE = YES;
				FRAMEWORK_SEARCH_PATHS = (
					"$(inherited)",
					"$(PROJECT_DIR)/DTCamera/CrossPlatform/ThirdParty/OpenCV",
				);
				GCC_C_LANGUAGE_STANDARD = gnu99;
				HEADER_SEARCH_PATHS = (
					"$(inherited)",
					"\"${PODS_CONFIGURATION_BUILD_DIR}/Action/Action.framework/Headers\"",
					"\"${PODS_CONFIGURATION_BUILD_DIR}/BSBacktraceLogger/BSBacktraceLogger.framework/Headers\"",
					"\"${PODS_CONFIGURATION_BUILD_DIR}/CocoaLumberjack/CocoaLumberjack.framework/Headers\"",
					"\"${PODS_CONFIGURATION_BUILD_DIR}/DTMessageBar/DTMessageBar.framework/Headers\"",
					"\"${PODS_CONFIGURATION_BUILD_DIR}/DTMessageHUD/DTMessageHUD.framework/Headers\"",
					"\"${PODS_CONFIGURATION_BUILD_DIR}/DeviceKit/DeviceKit.framework/Headers\"",
					"\"${PODS_CONFIGURATION_BUILD_DIR}/DoraemonKit/DoraemonKit.framework/Headers\"",
					"\"${PODS_CONFIGURATION_BUILD_DIR}/PNChart/PNChart.framework/Headers\"",
					"\"${PODS_CONFIGURATION_BUILD_DIR}/RxCocoa/RxCocoa.framework/Headers\"",
					"\"${PODS_CONFIGURATION_BUILD_DIR}/RxRelay/RxRelay.framework/Headers\"",
					"\"${PODS_CONFIGURATION_BUILD_DIR}/RxSwift/RxSwift.framework/Headers\"",
					"\"${PODS_CONFIGURATION_BUILD_DIR}/SnapKit/SnapKit.framework/Headers\"",
					"\"${PODS_CONFIGURATION_BUILD_DIR}/UICountingLabel/UICountingLabel.framework/Headers\"",
					"\"${PODS_CONFIGURATION_BUILD_DIR}/fishhook/fishhook.framework/Headers\"",
					"$(PROJECT_DIR)/DTCamera/CrossPlatform/ThirdParty/FFmpeg/include",
					"$(PROJECT_DIR)/DTCamera/CrossPlatform/ThirdParty/FDK-AAC/include",
				);
				INFOPLIST_FILE = DTCamera/Info.plist;
				IPHONEOS_DEPLOYMENT_TARGET = 9.0;
				LD_RUNPATH_SEARCH_PATHS = (
					"$(inherited)",
					"@executable_path/Frameworks",
				);
				LIBRARY_SEARCH_PATHS = (
					"$(inherited)",
					"$(PROJECT_DIR)/DTCamera/CrossPlatform/ThirdParty/FFmpeg",
					"$(PROJECT_DIR)/DTCamera/CrossPlatform/ThirdParty/FFmpeg/lib",
					"$(PROJECT_DIR)/DTCamera/CrossPlatform/ThirdParty/FDK-AAC/lib",
					"$(PROJECT_DIR)/DTCamera/CrossPlatform/ThirdParty/X264/lib",
				);
				OTHER_CFLAGS = "";
				PRODUCT_BUNDLE_IDENTIFIER = com.danthought.DTCamera;
				PRODUCT_NAME = "$(TARGET_NAME)";
				SWIFT_OBJC_BRIDGING_HEADER = "DTCamera/DTCamera-Bridging-Header.h";
				SWIFT_OPTIMIZATION_LEVEL = "-Onone";
				SWIFT_VERSION = 5.0;
				TARGETED_DEVICE_FAMILY = "1,2";
			};
			name = Debug;
		};
		40E1B297232F29B400A67F11 /* Release */ = {
			isa = XCBuildConfiguration;
			baseConfigurationReference = 9F7939B0D43155A1A4F41401 /* Pods-DTCamera.release.xcconfig */;
			buildSettings = {
				ASSETCATALOG_COMPILER_APPICON_NAME = AppIcon;
				CLANG_CXX_LANGUAGE_STANDARD = "gnu++0x";
				CLANG_CXX_LIBRARY = "libc++";
				CLANG_ENABLE_MODULES = YES;
				CODE_SIGN_STYLE = Automatic;
				DEVELOPMENT_TEAM = SLM6SZ8JH3;
				ENABLE_BITCODE = YES;
				FRAMEWORK_SEARCH_PATHS = (
					"$(inherited)",
					"$(PROJECT_DIR)/DTCamera/CrossPlatform/ThirdParty/OpenCV",
				);
				GCC_C_LANGUAGE_STANDARD = gnu99;
				HEADER_SEARCH_PATHS = (
					"$(inherited)",
					"\"${PODS_CONFIGURATION_BUILD_DIR}/Action/Action.framework/Headers\"",
					"\"${PODS_CONFIGURATION_BUILD_DIR}/BSBacktraceLogger/BSBacktraceLogger.framework/Headers\"",
					"\"${PODS_CONFIGURATION_BUILD_DIR}/CocoaLumberjack/CocoaLumberjack.framework/Headers\"",
					"\"${PODS_CONFIGURATION_BUILD_DIR}/DTMessageBar/DTMessageBar.framework/Headers\"",
					"\"${PODS_CONFIGURATION_BUILD_DIR}/DTMessageHUD/DTMessageHUD.framework/Headers\"",
					"\"${PODS_CONFIGURATION_BUILD_DIR}/DeviceKit/DeviceKit.framework/Headers\"",
					"\"${PODS_CONFIGURATION_BUILD_DIR}/PNChart/PNChart.framework/Headers\"",
					"\"${PODS_CONFIGURATION_BUILD_DIR}/RxCocoa/RxCocoa.framework/Headers\"",
					"\"${PODS_CONFIGURATION_BUILD_DIR}/RxRelay/RxRelay.framework/Headers\"",
					"\"${PODS_CONFIGURATION_BUILD_DIR}/RxSwift/RxSwift.framework/Headers\"",
					"\"${PODS_CONFIGURATION_BUILD_DIR}/SnapKit/SnapKit.framework/Headers\"",
					"\"${PODS_CONFIGURATION_BUILD_DIR}/UICountingLabel/UICountingLabel.framework/Headers\"",
					"\"${PODS_CONFIGURATION_BUILD_DIR}/fishhook/fishhook.framework/Headers\"",
					"$(PROJECT_DIR)/DTCamera/CrossPlatform/ThirdParty/FFmpeg/include",
					"$(PROJECT_DIR)/DTCamera/CrossPlatform/ThirdParty/FDK-AAC/include",
				);
				INFOPLIST_FILE = DTCamera/Info.plist;
				IPHONEOS_DEPLOYMENT_TARGET = 9.0;
				LD_RUNPATH_SEARCH_PATHS = (
					"$(inherited)",
					"@executable_path/Frameworks",
				);
				LIBRARY_SEARCH_PATHS = (
					"$(inherited)",
					"$(PROJECT_DIR)/DTCamera/CrossPlatform/ThirdParty/FFmpeg",
					"$(PROJECT_DIR)/DTCamera/CrossPlatform/ThirdParty/FFmpeg/lib",
					"$(PROJECT_DIR)/DTCamera/CrossPlatform/ThirdParty/FDK-AAC/lib",
					"$(PROJECT_DIR)/DTCamera/CrossPlatform/ThirdParty/X264/lib",
				);
				OTHER_CFLAGS = "";
				PRODUCT_BUNDLE_IDENTIFIER = com.danthought.DTCamera;
				PRODUCT_NAME = "$(TARGET_NAME)";
				SWIFT_OBJC_BRIDGING_HEADER = "DTCamera/DTCamera-Bridging-Header.h";
				SWIFT_VERSION = 5.0;
				TARGETED_DEVICE_FAMILY = "1,2";
			};
			name = Release;
		};
/* End XCBuildConfiguration section */

/* Begin XCConfigurationList section */
		40E1B27E232F29B300A67F11 /* Build configuration list for PBXProject "DTCamera" */ = {
			isa = XCConfigurationList;
			buildConfigurations = (
				40E1B293232F29B400A67F11 /* Debug */,
				40E1B294232F29B400A67F11 /* Release */,
			);
			defaultConfigurationIsVisible = 0;
			defaultConfigurationName = Release;
		};
		40E1B295232F29B400A67F11 /* Build configuration list for PBXNativeTarget "DTCamera" */ = {
			isa = XCConfigurationList;
			buildConfigurations = (
				40E1B296232F29B400A67F11 /* Debug */,
				40E1B297232F29B400A67F11 /* Release */,
			);
			defaultConfigurationIsVisible = 0;
			defaultConfigurationName = Release;
		};
/* End XCConfigurationList section */
	};
	rootObject = 40E1B27B232F29B300A67F11 /* Project object */;
}
